
Microsoft Visual Studio Solution File, Format Version 12.00
# Visual Studio Version 16
VisualStudioVersion = 16.0.29613.14
MinimumVisualStudioVersion = 10.0.40219.1
Project("{9A19103F-16F7-4668-BE54-9A1E7A4F7556}") = "Reedoo.NET.Messages", "..\Reedoo\Reedoo.NET\Reedoo.NET.Messages\Reedoo.NET.Messages.csproj", "{9956F129-C95D-4FFC-AEC2-2F1CD77E9CFC}"
EndProject
Project("{2150E333-8FDC-42A3-9474-1A3956D46DE8}") = "Reedoo", "Reedoo", "{5EC2AEFD-9146-470C-8F98-2B450624A4BE}"
EndProject
Project("{9A19103F-16F7-4668-BE54-9A1E7A4F7556}") = "Reedoo.NET.Utils", "..\Reedoo\Reedoo.NET\Reedoo.NET.Utils\Reedoo.NET.Utils.csproj", "{8682C97E-8A61-4714-A3C3-F42E3B2558D3}"
EndProject
Project("{9A19103F-16F7-4668-BE54-9A1E7A4F7556}") = "Reedoo.NET.Controller", "..\Reedoo\Reedoo.NET\Reedoo.NET.Controller\Reedoo.NET.Controller.csproj", "{47874C05-0E5F-49D7-AB2D-35A0264DE81E}"
EndProject
Project("{9A19103F-16F7-4668-BE54-9A1E7A4F7556}") = "Reedoo.NET.Client", "..\Reedoo\Reedoo.NET\Reedoo.NET.Client\Reedoo.NET.Client.csproj", "{29A525FB-FC28-4B38-9C4B-63078B3AD0DA}"
EndProject
Project("{9A19103F-16F7-4668-BE54-9A1E7A4F7556}") = "Reedoo.NET.XAML", "..\Reedoo\Reedoo.NET\Reedoo.NET.XAML\Reedoo.NET.XAML.csproj", "{C298A972-C37A-4A9C-BC4B-CB0B24E31751}"
EndProject
Project("{FAE04EC0-301F-11D3-BF4B-00C04F79EFBC}") = "Reedoo.API.UWP", "..\Reedoo\Reedoo.NET\Reedoo.API.UWP\Reedoo.API.UWP.csproj", "{F388B698-E773-4075-9609-4CA3330FE817}"
EndProject
Project("{9A19103F-16F7-4668-BE54-9A1E7A4F7556}") = "RomanApp.Messages", "RomanApp.Messages\RomanApp.Messages.csproj", "{630F9EF7-9EB4-4822-8CF9-93D59E901B5D}"
EndProject
Project("{9A19103F-16F7-4668-BE54-9A1E7A4F7556}") = "RomanApp.Controller", "RomanApp.Controller\RomanApp.Controller.csproj", "{A951420D-0C83-4AFD-B952-8E02DE6C3FB2}"
EndProject
Project("{FAE04EC0-301F-11D3-BF4B-00C04F79EFBC}") = "RomanApp.Client.UWP", "RomanApp.Client.UWP\RomanApp.Client.UWP.csproj", "{B159BA8D-67E7-421E-B8A4-54AE9C2D1C02}"
EndProject
Project("{2150E333-8FDC-42A3-9474-1A3956D46DE8}") = "Controller", "Controller", "{5E754587-7F2F-4E20-856E-451DFF8B232B}"
EndProject
Project("{2150E333-8FDC-42A3-9474-1A3956D46DE8}") = "Client", "Client", "{2C8C95B6-B2A8-4C3F-99C7-9E7964B64831}"
EndProject
Project("{FAE04EC0-301F-11D3-BF4B-00C04F79EFBC}") = "RomanApp.Client.Mobile.Android", "RomanApp.Client.Mobile\RomanApp.Client.Mobile.Android\RomanApp.Client.Mobile.Android.csproj", "{9B4CA4FD-1621-446A-9148-8814ECE0408E}"
EndProject
Project("{FAE04EC0-301F-11D3-BF4B-00C04F79EFBC}") = "RomanApp.Client.Mobile.iOS", "RomanApp.Client.Mobile\RomanApp.Client.Mobile.iOS\RomanApp.Client.Mobile.iOS.csproj", "{CA8E03E7-34A5-4380-8A80-5035F3647490}"
EndProject
Project("{D954291E-2A0B-460D-934E-DC6B0785DB48}") = "RomanApp.Client.Mobile", "RomanApp.Client.Mobile\RomanApp.Client.Mobile\RomanApp.Client.Mobile.shproj", "{E42BCA7B-806A-4CBE-8841-A86EFDBFC363}"
EndProject
Project("{2150E333-8FDC-42A3-9474-1A3956D46DE8}") = "Mobile", "Mobile", "{B115B3D1-5CE2-4A5F-A351-28E67B551D2C}"
EndProject
Project("{2150E333-8FDC-42A3-9474-1A3956D46DE8}") = "UWP", "UWP", "{B9261FE5-27CD-4A16-A312-CDC42D8CA65A}"
EndProject
Project("{FAE04EC0-301F-11D3-BF4B-00C04F79EFBC}") = "RomanApp.Service", "RomanApp.Service\RomanApp.Service.csproj", "{F2FDDBE2-D8A9-4752-B9B8-702566516CE6}"
EndProject
Project("{FAE04EC0-301F-11D3-BF4B-00C04F79EFBC}") = "RomanApp.Client.ViewModel", "RomanApp.Client.ViewModel\RomanApp.Client.ViewModel.csproj", "{2316AD27-EE34-4678-9DAC-1D1C99069470}"
EndProject
Project("{2150E333-8FDC-42A3-9474-1A3956D46DE8}") = "Service", "Service", "{67307CF6-6473-4BA1-AE6D-55722D30EAB3}"
EndProject
Project("{9A19103F-16F7-4668-BE54-9A1E7A4F7556}") = "Reedoo.NET.Storage.SQLite", "..\Reedoo\Reedoo.NET\Reedoo.NET.Storage.SQLite\Reedoo.NET.Storage.SQLite.csproj", "{C9A79F5B-0C65-4CC5-A0BF-16EF57ECF9BC}"
EndProject
Global
	GlobalSection(SharedMSBuildProjectFiles) = preSolution
		RomanApp.Client.Mobile\RomanApp.Client.Mobile\RomanApp.Client.Mobile.projitems*{9b4ca4fd-1621-446a-9148-8814ece0408e}*SharedItemsImports = 4
		RomanApp.Client.Mobile\RomanApp.Client.Mobile\RomanApp.Client.Mobile.projitems*{ca8e03e7-34a5-4380-8a80-5035f3647490}*SharedItemsImports = 4
		RomanApp.Client.Mobile\RomanApp.Client.Mobile\RomanApp.Client.Mobile.projitems*{e42bca7b-806a-4cbe-8841-a86efdbfc363}*SharedItemsImports = 13
	EndGlobalSection
	GlobalSection(SolutionConfigurationPlatforms) = preSolution
		Ad-Hoc|Any CPU = Ad-Hoc|Any CPU
		Ad-Hoc|ARM = Ad-Hoc|ARM
		Ad-Hoc|iPhone = Ad-Hoc|iPhone
		Ad-Hoc|iPhoneSimulator = Ad-Hoc|iPhoneSimulator
		Ad-Hoc|x64 = Ad-Hoc|x64
		Ad-Hoc|x86 = Ad-Hoc|x86
		AppStore|Any CPU = AppStore|Any CPU
		AppStore|ARM = AppStore|ARM
		AppStore|iPhone = AppStore|iPhone
		AppStore|iPhoneSimulator = AppStore|iPhoneSimulator
		AppStore|x64 = AppStore|x64
		AppStore|x86 = AppStore|x86
		Debug|Any CPU = Debug|Any CPU
		Debug|ARM = Debug|ARM
		Debug|iPhone = Debug|iPhone
		Debug|iPhoneSimulator = Debug|iPhoneSimulator
		Debug|x64 = Debug|x64
		Debug|x86 = Debug|x86
		Release|Any CPU = Release|Any CPU
		Release|ARM = Release|ARM
		Release|iPhone = Release|iPhone
		Release|iPhoneSimulator = Release|iPhoneSimulator
		Release|x64 = Release|x64
		Release|x86 = Release|x86
	EndGlobalSection
	GlobalSection(ProjectConfigurationPlatforms) = postSolution
		{9956F129-C95D-4FFC-AEC2-2F1CD77E9CFC}.Ad-Hoc|Any CPU.ActiveCfg = Release|Any CPU
		{9956F129-C95D-4FFC-AEC2-2F1CD77E9CFC}.Ad-Hoc|Any CPU.Build.0 = Release|Any CPU
		{9956F129-C95D-4FFC-AEC2-2F1CD77E9CFC}.Ad-Hoc|ARM.ActiveCfg = Release|Any CPU
		{9956F129-C95D-4FFC-AEC2-2F1CD77E9CFC}.Ad-Hoc|ARM.Build.0 = Release|Any CPU
		{9956F129-C95D-4FFC-AEC2-2F1CD77E9CFC}.Ad-Hoc|iPhone.ActiveCfg = Release|Any CPU
		{9956F129-C95D-4FFC-AEC2-2F1CD77E9CFC}.Ad-Hoc|iPhone.Build.0 = Release|Any CPU
		{9956F129-C95D-4FFC-AEC2-2F1CD77E9CFC}.Ad-Hoc|iPhoneSimulator.ActiveCfg = Release|Any CPU
		{9956F129-C95D-4FFC-AEC2-2F1CD77E9CFC}.Ad-Hoc|iPhoneSimulator.Build.0 = Release|Any CPU
		{9956F129-C95D-4FFC-AEC2-2F1CD77E9CFC}.Ad-Hoc|x64.ActiveCfg = Release|Any CPU
		{9956F129-C95D-4FFC-AEC2-2F1CD77E9CFC}.Ad-Hoc|x64.Build.0 = Release|Any CPU
		{9956F129-C95D-4FFC-AEC2-2F1CD77E9CFC}.Ad-Hoc|x86.ActiveCfg = Release|Any CPU
		{9956F129-C95D-4FFC-AEC2-2F1CD77E9CFC}.Ad-Hoc|x86.Build.0 = Release|Any CPU
		{9956F129-C95D-4FFC-AEC2-2F1CD77E9CFC}.AppStore|Any CPU.ActiveCfg = Release|Any CPU
		{9956F129-C95D-4FFC-AEC2-2F1CD77E9CFC}.AppStore|Any CPU.Build.0 = Release|Any CPU
		{9956F129-C95D-4FFC-AEC2-2F1CD77E9CFC}.AppStore|ARM.ActiveCfg = Release|Any CPU
		{9956F129-C95D-4FFC-AEC2-2F1CD77E9CFC}.AppStore|ARM.Build.0 = Release|Any CPU
		{9956F129-C95D-4FFC-AEC2-2F1CD77E9CFC}.AppStore|iPhone.ActiveCfg = Release|Any CPU
		{9956F129-C95D-4FFC-AEC2-2F1CD77E9CFC}.AppStore|iPhone.Build.0 = Release|Any CPU
		{9956F129-C95D-4FFC-AEC2-2F1CD77E9CFC}.AppStore|iPhoneSimulator.ActiveCfg = Release|Any CPU
		{9956F129-C95D-4FFC-AEC2-2F1CD77E9CFC}.AppStore|iPhoneSimulator.Build.0 = Release|Any CPU
		{9956F129-C95D-4FFC-AEC2-2F1CD77E9CFC}.AppStore|x64.ActiveCfg = Release|Any CPU
		{9956F129-C95D-4FFC-AEC2-2F1CD77E9CFC}.AppStore|x64.Build.0 = Release|Any CPU
		{9956F129-C95D-4FFC-AEC2-2F1CD77E9CFC}.AppStore|x86.ActiveCfg = Release|Any CPU
		{9956F129-C95D-4FFC-AEC2-2F1CD77E9CFC}.AppStore|x86.Build.0 = Release|Any CPU
		{9956F129-C95D-4FFC-AEC2-2F1CD77E9CFC}.Debug|Any CPU.ActiveCfg = Debug|Any CPU
		{9956F129-C95D-4FFC-AEC2-2F1CD77E9CFC}.Debug|Any CPU.Build.0 = Debug|Any CPU
		{9956F129-C95D-4FFC-AEC2-2F1CD77E9CFC}.Debug|ARM.ActiveCfg = Debug|Any CPU
		{9956F129-C95D-4FFC-AEC2-2F1CD77E9CFC}.Debug|ARM.Build.0 = Debug|Any CPU
		{9956F129-C95D-4FFC-AEC2-2F1CD77E9CFC}.Debug|iPhone.ActiveCfg = Debug|Any CPU
		{9956F129-C95D-4FFC-AEC2-2F1CD77E9CFC}.Debug|iPhone.Build.0 = Debug|Any CPU
		{9956F129-C95D-4FFC-AEC2-2F1CD77E9CFC}.Debug|iPhoneSimulator.ActiveCfg = Debug|Any CPU
		{9956F129-C95D-4FFC-AEC2-2F1CD77E9CFC}.Debug|iPhoneSimulator.Build.0 = Debug|Any CPU
		{9956F129-C95D-4FFC-AEC2-2F1CD77E9CFC}.Debug|x64.ActiveCfg = Debug|Any CPU
		{9956F129-C95D-4FFC-AEC2-2F1CD77E9CFC}.Debug|x64.Build.0 = Debug|Any CPU
		{9956F129-C95D-4FFC-AEC2-2F1CD77E9CFC}.Debug|x86.ActiveCfg = Debug|Any CPU
		{9956F129-C95D-4FFC-AEC2-2F1CD77E9CFC}.Debug|x86.Build.0 = Debug|Any CPU
		{9956F129-C95D-4FFC-AEC2-2F1CD77E9CFC}.Release|Any CPU.ActiveCfg = Release|Any CPU
		{9956F129-C95D-4FFC-AEC2-2F1CD77E9CFC}.Release|Any CPU.Build.0 = Release|Any CPU
		{9956F129-C95D-4FFC-AEC2-2F1CD77E9CFC}.Release|ARM.ActiveCfg = Release|Any CPU
		{9956F129-C95D-4FFC-AEC2-2F1CD77E9CFC}.Release|ARM.Build.0 = Release|Any CPU
		{9956F129-C95D-4FFC-AEC2-2F1CD77E9CFC}.Release|iPhone.ActiveCfg = Release|Any CPU
		{9956F129-C95D-4FFC-AEC2-2F1CD77E9CFC}.Release|iPhone.Build.0 = Release|Any CPU
		{9956F129-C95D-4FFC-AEC2-2F1CD77E9CFC}.Release|iPhoneSimulator.ActiveCfg = Release|Any CPU
		{9956F129-C95D-4FFC-AEC2-2F1CD77E9CFC}.Release|iPhoneSimulator.Build.0 = Release|Any CPU
		{9956F129-C95D-4FFC-AEC2-2F1CD77E9CFC}.Release|x64.ActiveCfg = Release|Any CPU
		{9956F129-C95D-4FFC-AEC2-2F1CD77E9CFC}.Release|x64.Build.0 = Release|Any CPU
		{9956F129-C95D-4FFC-AEC2-2F1CD77E9CFC}.Release|x86.ActiveCfg = Release|Any CPU
		{9956F129-C95D-4FFC-AEC2-2F1CD77E9CFC}.Release|x86.Build.0 = Release|Any CPU
		{8682C97E-8A61-4714-A3C3-F42E3B2558D3}.Ad-Hoc|Any CPU.ActiveCfg = Release|Any CPU
		{8682C97E-8A61-4714-A3C3-F42E3B2558D3}.Ad-Hoc|Any CPU.Build.0 = Release|Any CPU
		{8682C97E-8A61-4714-A3C3-F42E3B2558D3}.Ad-Hoc|ARM.ActiveCfg = Release|Any CPU
		{8682C97E-8A61-4714-A3C3-F42E3B2558D3}.Ad-Hoc|ARM.Build.0 = Release|Any CPU
		{8682C97E-8A61-4714-A3C3-F42E3B2558D3}.Ad-Hoc|iPhone.ActiveCfg = Release|Any CPU
		{8682C97E-8A61-4714-A3C3-F42E3B2558D3}.Ad-Hoc|iPhone.Build.0 = Release|Any CPU
		{8682C97E-8A61-4714-A3C3-F42E3B2558D3}.Ad-Hoc|iPhoneSimulator.ActiveCfg = Release|Any CPU
		{8682C97E-8A61-4714-A3C3-F42E3B2558D3}.Ad-Hoc|iPhoneSimulator.Build.0 = Release|Any CPU
		{8682C97E-8A61-4714-A3C3-F42E3B2558D3}.Ad-Hoc|x64.ActiveCfg = Release|Any CPU
		{8682C97E-8A61-4714-A3C3-F42E3B2558D3}.Ad-Hoc|x64.Build.0 = Release|Any CPU
		{8682C97E-8A61-4714-A3C3-F42E3B2558D3}.Ad-Hoc|x86.ActiveCfg = Release|Any CPU
		{8682C97E-8A61-4714-A3C3-F42E3B2558D3}.Ad-Hoc|x86.Build.0 = Release|Any CPU
		{8682C97E-8A61-4714-A3C3-F42E3B2558D3}.AppStore|Any CPU.ActiveCfg = Release|Any CPU
		{8682C97E-8A61-4714-A3C3-F42E3B2558D3}.AppStore|Any CPU.Build.0 = Release|Any CPU
		{8682C97E-8A61-4714-A3C3-F42E3B2558D3}.AppStore|ARM.ActiveCfg = Release|Any CPU
		{8682C97E-8A61-4714-A3C3-F42E3B2558D3}.AppStore|ARM.Build.0 = Release|Any CPU
		{8682C97E-8A61-4714-A3C3-F42E3B2558D3}.AppStore|iPhone.ActiveCfg = Release|Any CPU
		{8682C97E-8A61-4714-A3C3-F42E3B2558D3}.AppStore|iPhone.Build.0 = Release|Any CPU
		{8682C97E-8A61-4714-A3C3-F42E3B2558D3}.AppStore|iPhoneSimulator.ActiveCfg = Release|Any CPU
		{8682C97E-8A61-4714-A3C3-F42E3B2558D3}.AppStore|iPhoneSimulator.Build.0 = Release|Any CPU
		{8682C97E-8A61-4714-A3C3-F42E3B2558D3}.AppStore|x64.ActiveCfg = Release|Any CPU
		{8682C97E-8A61-4714-A3C3-F42E3B2558D3}.AppStore|x64.Build.0 = Release|Any CPU
		{8682C97E-8A61-4714-A3C3-F42E3B2558D3}.AppStore|x86.ActiveCfg = Release|Any CPU
		{8682C97E-8A61-4714-A3C3-F42E3B2558D3}.AppStore|x86.Build.0 = Release|Any CPU
		{8682C97E-8A61-4714-A3C3-F42E3B2558D3}.Debug|Any CPU.ActiveCfg = Debug|Any CPU
		{8682C97E-8A61-4714-A3C3-F42E3B2558D3}.Debug|Any CPU.Build.0 = Debug|Any CPU
		{8682C97E-8A61-4714-A3C3-F42E3B2558D3}.Debug|ARM.ActiveCfg = Debug|Any CPU
		{8682C97E-8A61-4714-A3C3-F42E3B2558D3}.Debug|ARM.Build.0 = Debug|Any CPU
		{8682C97E-8A61-4714-A3C3-F42E3B2558D3}.Debug|iPhone.ActiveCfg = Debug|Any CPU
		{8682C97E-8A61-4714-A3C3-F42E3B2558D3}.Debug|iPhone.Build.0 = Debug|Any CPU
		{8682C97E-8A61-4714-A3C3-F42E3B2558D3}.Debug|iPhoneSimulator.ActiveCfg = Debug|Any CPU
		{8682C97E-8A61-4714-A3C3-F42E3B2558D3}.Debug|iPhoneSimulator.Build.0 = Debug|Any CPU
		{8682C97E-8A61-4714-A3C3-F42E3B2558D3}.Debug|x64.ActiveCfg = Debug|Any CPU
		{8682C97E-8A61-4714-A3C3-F42E3B2558D3}.Debug|x64.Build.0 = Debug|Any CPU
		{8682C97E-8A61-4714-A3C3-F42E3B2558D3}.Debug|x86.ActiveCfg = Debug|Any CPU
		{8682C97E-8A61-4714-A3C3-F42E3B2558D3}.Debug|x86.Build.0 = Debug|Any CPU
		{8682C97E-8A61-4714-A3C3-F42E3B2558D3}.Release|Any CPU.ActiveCfg = Release|Any CPU
		{8682C97E-8A61-4714-A3C3-F42E3B2558D3}.Release|Any CPU.Build.0 = Release|Any CPU
		{8682C97E-8A61-4714-A3C3-F42E3B2558D3}.Release|ARM.ActiveCfg = Release|Any CPU
		{8682C97E-8A61-4714-A3C3-F42E3B2558D3}.Release|ARM.Build.0 = Release|Any CPU
		{8682C97E-8A61-4714-A3C3-F42E3B2558D3}.Release|iPhone.ActiveCfg = Release|Any CPU
		{8682C97E-8A61-4714-A3C3-F42E3B2558D3}.Release|iPhone.Build.0 = Release|Any CPU
		{8682C97E-8A61-4714-A3C3-F42E3B2558D3}.Release|iPhoneSimulator.ActiveCfg = Release|Any CPU
		{8682C97E-8A61-4714-A3C3-F42E3B2558D3}.Release|iPhoneSimulator.Build.0 = Release|Any CPU
		{8682C97E-8A61-4714-A3C3-F42E3B2558D3}.Release|x64.ActiveCfg = Release|Any CPU
		{8682C97E-8A61-4714-A3C3-F42E3B2558D3}.Release|x64.Build.0 = Release|Any CPU
		{8682C97E-8A61-4714-A3C3-F42E3B2558D3}.Release|x86.ActiveCfg = Release|Any CPU
		{8682C97E-8A61-4714-A3C3-F42E3B2558D3}.Release|x86.Build.0 = Release|Any CPU
		{47874C05-0E5F-49D7-AB2D-35A0264DE81E}.Ad-Hoc|Any CPU.ActiveCfg = Release|Any CPU
		{47874C05-0E5F-49D7-AB2D-35A0264DE81E}.Ad-Hoc|Any CPU.Build.0 = Release|Any CPU
		{47874C05-0E5F-49D7-AB2D-35A0264DE81E}.Ad-Hoc|ARM.ActiveCfg = Release|Any CPU
		{47874C05-0E5F-49D7-AB2D-35A0264DE81E}.Ad-Hoc|ARM.Build.0 = Release|Any CPU
		{47874C05-0E5F-49D7-AB2D-35A0264DE81E}.Ad-Hoc|iPhone.ActiveCfg = Release|Any CPU
		{47874C05-0E5F-49D7-AB2D-35A0264DE81E}.Ad-Hoc|iPhone.Build.0 = Release|Any CPU
		{47874C05-0E5F-49D7-AB2D-35A0264DE81E}.Ad-Hoc|iPhoneSimulator.ActiveCfg = Release|Any CPU
		{47874C05-0E5F-49D7-AB2D-35A0264DE81E}.Ad-Hoc|iPhoneSimulator.Build.0 = Release|Any CPU
		{47874C05-0E5F-49D7-AB2D-35A0264DE81E}.Ad-Hoc|x64.ActiveCfg = Release|Any CPU
		{47874C05-0E5F-49D7-AB2D-35A0264DE81E}.Ad-Hoc|x64.Build.0 = Release|Any CPU
		{47874C05-0E5F-49D7-AB2D-35A0264DE81E}.Ad-Hoc|x86.ActiveCfg = Release|Any CPU
		{47874C05-0E5F-49D7-AB2D-35A0264DE81E}.Ad-Hoc|x86.Build.0 = Release|Any CPU
		{47874C05-0E5F-49D7-AB2D-35A0264DE81E}.AppStore|Any CPU.ActiveCfg = Release|Any CPU
		{47874C05-0E5F-49D7-AB2D-35A0264DE81E}.AppStore|Any CPU.Build.0 = Release|Any CPU
		{47874C05-0E5F-49D7-AB2D-35A0264DE81E}.AppStore|ARM.ActiveCfg = Release|Any CPU
		{47874C05-0E5F-49D7-AB2D-35A0264DE81E}.AppStore|ARM.Build.0 = Release|Any CPU
		{47874C05-0E5F-49D7-AB2D-35A0264DE81E}.AppStore|iPhone.ActiveCfg = Release|Any CPU
		{47874C05-0E5F-49D7-AB2D-35A0264DE81E}.AppStore|iPhone.Build.0 = Release|Any CPU
		{47874C05-0E5F-49D7-AB2D-35A0264DE81E}.AppStore|iPhoneSimulator.ActiveCfg = Release|Any CPU
		{47874C05-0E5F-49D7-AB2D-35A0264DE81E}.AppStore|iPhoneSimulator.Build.0 = Release|Any CPU
		{47874C05-0E5F-49D7-AB2D-35A0264DE81E}.AppStore|x64.ActiveCfg = Release|Any CPU
		{47874C05-0E5F-49D7-AB2D-35A0264DE81E}.AppStore|x64.Build.0 = Release|Any CPU
		{47874C05-0E5F-49D7-AB2D-35A0264DE81E}.AppStore|x86.ActiveCfg = Release|Any CPU
		{47874C05-0E5F-49D7-AB2D-35A0264DE81E}.AppStore|x86.Build.0 = Release|Any CPU
		{47874C05-0E5F-49D7-AB2D-35A0264DE81E}.Debug|Any CPU.ActiveCfg = Debug|Any CPU
		{47874C05-0E5F-49D7-AB2D-35A0264DE81E}.Debug|Any CPU.Build.0 = Debug|Any CPU
		{47874C05-0E5F-49D7-AB2D-35A0264DE81E}.Debug|ARM.ActiveCfg = Debug|Any CPU
		{47874C05-0E5F-49D7-AB2D-35A0264DE81E}.Debug|ARM.Build.0 = Debug|Any CPU
		{47874C05-0E5F-49D7-AB2D-35A0264DE81E}.Debug|iPhone.ActiveCfg = Debug|Any CPU
		{47874C05-0E5F-49D7-AB2D-35A0264DE81E}.Debug|iPhone.Build.0 = Debug|Any CPU
		{47874C05-0E5F-49D7-AB2D-35A0264DE81E}.Debug|iPhoneSimulator.ActiveCfg = Debug|Any CPU
		{47874C05-0E5F-49D7-AB2D-35A0264DE81E}.Debug|iPhoneSimulator.Build.0 = Debug|Any CPU
		{47874C05-0E5F-49D7-AB2D-35A0264DE81E}.Debug|x64.ActiveCfg = Debug|Any CPU
		{47874C05-0E5F-49D7-AB2D-35A0264DE81E}.Debug|x64.Build.0 = Debug|Any CPU
		{47874C05-0E5F-49D7-AB2D-35A0264DE81E}.Debug|x86.ActiveCfg = Debug|Any CPU
		{47874C05-0E5F-49D7-AB2D-35A0264DE81E}.Debug|x86.Build.0 = Debug|Any CPU
		{47874C05-0E5F-49D7-AB2D-35A0264DE81E}.Release|Any CPU.ActiveCfg = Release|Any CPU
		{47874C05-0E5F-49D7-AB2D-35A0264DE81E}.Release|Any CPU.Build.0 = Release|Any CPU
		{47874C05-0E5F-49D7-AB2D-35A0264DE81E}.Release|ARM.ActiveCfg = Release|Any CPU
		{47874C05-0E5F-49D7-AB2D-35A0264DE81E}.Release|ARM.Build.0 = Release|Any CPU
		{47874C05-0E5F-49D7-AB2D-35A0264DE81E}.Release|iPhone.ActiveCfg = Release|Any CPU
		{47874C05-0E5F-49D7-AB2D-35A0264DE81E}.Release|iPhone.Build.0 = Release|Any CPU
		{47874C05-0E5F-49D7-AB2D-35A0264DE81E}.Release|iPhoneSimulator.ActiveCfg = Release|Any CPU
		{47874C05-0E5F-49D7-AB2D-35A0264DE81E}.Release|iPhoneSimulator.Build.0 = Release|Any CPU
		{47874C05-0E5F-49D7-AB2D-35A0264DE81E}.Release|x64.ActiveCfg = Release|Any CPU
		{47874C05-0E5F-49D7-AB2D-35A0264DE81E}.Release|x64.Build.0 = Release|Any CPU
		{47874C05-0E5F-49D7-AB2D-35A0264DE81E}.Release|x86.ActiveCfg = Release|Any CPU
		{47874C05-0E5F-49D7-AB2D-35A0264DE81E}.Release|x86.Build.0 = Release|Any CPU
		{29A525FB-FC28-4B38-9C4B-63078B3AD0DA}.Ad-Hoc|Any CPU.ActiveCfg = Release|Any CPU
		{29A525FB-FC28-4B38-9C4B-63078B3AD0DA}.Ad-Hoc|Any CPU.Build.0 = Release|Any CPU
		{29A525FB-FC28-4B38-9C4B-63078B3AD0DA}.Ad-Hoc|ARM.ActiveCfg = Release|Any CPU
		{29A525FB-FC28-4B38-9C4B-63078B3AD0DA}.Ad-Hoc|ARM.Build.0 = Release|Any CPU
		{29A525FB-FC28-4B38-9C4B-63078B3AD0DA}.Ad-Hoc|iPhone.ActiveCfg = Release|Any CPU
		{29A525FB-FC28-4B38-9C4B-63078B3AD0DA}.Ad-Hoc|iPhone.Build.0 = Release|Any CPU
		{29A525FB-FC28-4B38-9C4B-63078B3AD0DA}.Ad-Hoc|iPhoneSimulator.ActiveCfg = Release|Any CPU
		{29A525FB-FC28-4B38-9C4B-63078B3AD0DA}.Ad-Hoc|iPhoneSimulator.Build.0 = Release|Any CPU
		{29A525FB-FC28-4B38-9C4B-63078B3AD0DA}.Ad-Hoc|x64.ActiveCfg = Release|Any CPU
		{29A525FB-FC28-4B38-9C4B-63078B3AD0DA}.Ad-Hoc|x64.Build.0 = Release|Any CPU
		{29A525FB-FC28-4B38-9C4B-63078B3AD0DA}.Ad-Hoc|x86.ActiveCfg = Release|Any CPU
		{29A525FB-FC28-4B38-9C4B-63078B3AD0DA}.Ad-Hoc|x86.Build.0 = Release|Any CPU
		{29A525FB-FC28-4B38-9C4B-63078B3AD0DA}.AppStore|Any CPU.ActiveCfg = Release|Any CPU
		{29A525FB-FC28-4B38-9C4B-63078B3AD0DA}.AppStore|Any CPU.Build.0 = Release|Any CPU
		{29A525FB-FC28-4B38-9C4B-63078B3AD0DA}.AppStore|ARM.ActiveCfg = Release|Any CPU
		{29A525FB-FC28-4B38-9C4B-63078B3AD0DA}.AppStore|ARM.Build.0 = Release|Any CPU
		{29A525FB-FC28-4B38-9C4B-63078B3AD0DA}.AppStore|iPhone.ActiveCfg = Release|Any CPU
		{29A525FB-FC28-4B38-9C4B-63078B3AD0DA}.AppStore|iPhone.Build.0 = Release|Any CPU
		{29A525FB-FC28-4B38-9C4B-63078B3AD0DA}.AppStore|iPhoneSimulator.ActiveCfg = Release|Any CPU
		{29A525FB-FC28-4B38-9C4B-63078B3AD0DA}.AppStore|iPhoneSimulator.Build.0 = Release|Any CPU
		{29A525FB-FC28-4B38-9C4B-63078B3AD0DA}.AppStore|x64.ActiveCfg = Release|Any CPU
		{29A525FB-FC28-4B38-9C4B-63078B3AD0DA}.AppStore|x64.Build.0 = Release|Any CPU
		{29A525FB-FC28-4B38-9C4B-63078B3AD0DA}.AppStore|x86.ActiveCfg = Release|Any CPU
		{29A525FB-FC28-4B38-9C4B-63078B3AD0DA}.AppStore|x86.Build.0 = Release|Any CPU
		{29A525FB-FC28-4B38-9C4B-63078B3AD0DA}.Debug|Any CPU.ActiveCfg = Debug|Any CPU
		{29A525FB-FC28-4B38-9C4B-63078B3AD0DA}.Debug|Any CPU.Build.0 = Debug|Any CPU
		{29A525FB-FC28-4B38-9C4B-63078B3AD0DA}.Debug|ARM.ActiveCfg = Debug|Any CPU
		{29A525FB-FC28-4B38-9C4B-63078B3AD0DA}.Debug|ARM.Build.0 = Debug|Any CPU
		{29A525FB-FC28-4B38-9C4B-63078B3AD0DA}.Debug|iPhone.ActiveCfg = Debug|Any CPU
		{29A525FB-FC28-4B38-9C4B-63078B3AD0DA}.Debug|iPhone.Build.0 = Debug|Any CPU
		{29A525FB-FC28-4B38-9C4B-63078B3AD0DA}.Debug|iPhoneSimulator.ActiveCfg = Debug|Any CPU
		{29A525FB-FC28-4B38-9C4B-63078B3AD0DA}.Debug|iPhoneSimulator.Build.0 = Debug|Any CPU
		{29A525FB-FC28-4B38-9C4B-63078B3AD0DA}.Debug|x64.ActiveCfg = Debug|Any CPU
		{29A525FB-FC28-4B38-9C4B-63078B3AD0DA}.Debug|x64.Build.0 = Debug|Any CPU
		{29A525FB-FC28-4B38-9C4B-63078B3AD0DA}.Debug|x86.ActiveCfg = Debug|Any CPU
		{29A525FB-FC28-4B38-9C4B-63078B3AD0DA}.Debug|x86.Build.0 = Debug|Any CPU
		{29A525FB-FC28-4B38-9C4B-63078B3AD0DA}.Release|Any CPU.ActiveCfg = Release|Any CPU
		{29A525FB-FC28-4B38-9C4B-63078B3AD0DA}.Release|Any CPU.Build.0 = Release|Any CPU
		{29A525FB-FC28-4B38-9C4B-63078B3AD0DA}.Release|ARM.ActiveCfg = Release|Any CPU
		{29A525FB-FC28-4B38-9C4B-63078B3AD0DA}.Release|ARM.Build.0 = Release|Any CPU
		{29A525FB-FC28-4B38-9C4B-63078B3AD0DA}.Release|iPhone.ActiveCfg = Release|Any CPU
		{29A525FB-FC28-4B38-9C4B-63078B3AD0DA}.Release|iPhone.Build.0 = Release|Any CPU
		{29A525FB-FC28-4B38-9C4B-63078B3AD0DA}.Release|iPhoneSimulator.ActiveCfg = Release|Any CPU
		{29A525FB-FC28-4B38-9C4B-63078B3AD0DA}.Release|iPhoneSimulator.Build.0 = Release|Any CPU
		{29A525FB-FC28-4B38-9C4B-63078B3AD0DA}.Release|x64.ActiveCfg = Release|Any CPU
		{29A525FB-FC28-4B38-9C4B-63078B3AD0DA}.Release|x64.Build.0 = Release|Any CPU
		{29A525FB-FC28-4B38-9C4B-63078B3AD0DA}.Release|x86.ActiveCfg = Release|Any CPU
		{29A525FB-FC28-4B38-9C4B-63078B3AD0DA}.Release|x86.Build.0 = Release|Any CPU
		{C298A972-C37A-4A9C-BC4B-CB0B24E31751}.Ad-Hoc|Any CPU.ActiveCfg = Release|Any CPU
		{C298A972-C37A-4A9C-BC4B-CB0B24E31751}.Ad-Hoc|Any CPU.Build.0 = Release|Any CPU
		{C298A972-C37A-4A9C-BC4B-CB0B24E31751}.Ad-Hoc|ARM.ActiveCfg = Release|Any CPU
		{C298A972-C37A-4A9C-BC4B-CB0B24E31751}.Ad-Hoc|ARM.Build.0 = Release|Any CPU
		{C298A972-C37A-4A9C-BC4B-CB0B24E31751}.Ad-Hoc|iPhone.ActiveCfg = Release|Any CPU
		{C298A972-C37A-4A9C-BC4B-CB0B24E31751}.Ad-Hoc|iPhone.Build.0 = Release|Any CPU
		{C298A972-C37A-4A9C-BC4B-CB0B24E31751}.Ad-Hoc|iPhoneSimulator.ActiveCfg = Release|Any CPU
		{C298A972-C37A-4A9C-BC4B-CB0B24E31751}.Ad-Hoc|iPhoneSimulator.Build.0 = Release|Any CPU
		{C298A972-C37A-4A9C-BC4B-CB0B24E31751}.Ad-Hoc|x64.ActiveCfg = Release|Any CPU
		{C298A972-C37A-4A9C-BC4B-CB0B24E31751}.Ad-Hoc|x64.Build.0 = Release|Any CPU
		{C298A972-C37A-4A9C-BC4B-CB0B24E31751}.Ad-Hoc|x86.ActiveCfg = Release|Any CPU
		{C298A972-C37A-4A9C-BC4B-CB0B24E31751}.Ad-Hoc|x86.Build.0 = Release|Any CPU
		{C298A972-C37A-4A9C-BC4B-CB0B24E31751}.AppStore|Any CPU.ActiveCfg = Release|Any CPU
		{C298A972-C37A-4A9C-BC4B-CB0B24E31751}.AppStore|Any CPU.Build.0 = Release|Any CPU
		{C298A972-C37A-4A9C-BC4B-CB0B24E31751}.AppStore|ARM.ActiveCfg = Release|Any CPU
		{C298A972-C37A-4A9C-BC4B-CB0B24E31751}.AppStore|ARM.Build.0 = Release|Any CPU
		{C298A972-C37A-4A9C-BC4B-CB0B24E31751}.AppStore|iPhone.ActiveCfg = Release|Any CPU
		{C298A972-C37A-4A9C-BC4B-CB0B24E31751}.AppStore|iPhone.Build.0 = Release|Any CPU
		{C298A972-C37A-4A9C-BC4B-CB0B24E31751}.AppStore|iPhoneSimulator.ActiveCfg = Release|Any CPU
		{C298A972-C37A-4A9C-BC4B-CB0B24E31751}.AppStore|iPhoneSimulator.Build.0 = Release|Any CPU
		{C298A972-C37A-4A9C-BC4B-CB0B24E31751}.AppStore|x64.ActiveCfg = Release|Any CPU
		{C298A972-C37A-4A9C-BC4B-CB0B24E31751}.AppStore|x64.Build.0 = Release|Any CPU
		{C298A972-C37A-4A9C-BC4B-CB0B24E31751}.AppStore|x86.ActiveCfg = Release|Any CPU
		{C298A972-C37A-4A9C-BC4B-CB0B24E31751}.AppStore|x86.Build.0 = Release|Any CPU
		{C298A972-C37A-4A9C-BC4B-CB0B24E31751}.Debug|Any CPU.ActiveCfg = Debug|Any CPU
		{C298A972-C37A-4A9C-BC4B-CB0B24E31751}.Debug|Any CPU.Build.0 = Debug|Any CPU
		{C298A972-C37A-4A9C-BC4B-CB0B24E31751}.Debug|ARM.ActiveCfg = Debug|Any CPU
		{C298A972-C37A-4A9C-BC4B-CB0B24E31751}.Debug|ARM.Build.0 = Debug|Any CPU
		{C298A972-C37A-4A9C-BC4B-CB0B24E31751}.Debug|iPhone.ActiveCfg = Debug|Any CPU
		{C298A972-C37A-4A9C-BC4B-CB0B24E31751}.Debug|iPhone.Build.0 = Debug|Any CPU
		{C298A972-C37A-4A9C-BC4B-CB0B24E31751}.Debug|iPhoneSimulator.ActiveCfg = Debug|Any CPU
		{C298A972-C37A-4A9C-BC4B-CB0B24E31751}.Debug|iPhoneSimulator.Build.0 = Debug|Any CPU
		{C298A972-C37A-4A9C-BC4B-CB0B24E31751}.Debug|x64.ActiveCfg = Debug|Any CPU
		{C298A972-C37A-4A9C-BC4B-CB0B24E31751}.Debug|x64.Build.0 = Debug|Any CPU
		{C298A972-C37A-4A9C-BC4B-CB0B24E31751}.Debug|x86.ActiveCfg = Debug|Any CPU
		{C298A972-C37A-4A9C-BC4B-CB0B24E31751}.Debug|x86.Build.0 = Debug|Any CPU
		{C298A972-C37A-4A9C-BC4B-CB0B24E31751}.Release|Any CPU.ActiveCfg = Release|Any CPU
		{C298A972-C37A-4A9C-BC4B-CB0B24E31751}.Release|Any CPU.Build.0 = Release|Any CPU
		{C298A972-C37A-4A9C-BC4B-CB0B24E31751}.Release|ARM.ActiveCfg = Release|Any CPU
		{C298A972-C37A-4A9C-BC4B-CB0B24E31751}.Release|ARM.Build.0 = Release|Any CPU
		{C298A972-C37A-4A9C-BC4B-CB0B24E31751}.Release|iPhone.ActiveCfg = Release|Any CPU
		{C298A972-C37A-4A9C-BC4B-CB0B24E31751}.Release|iPhone.Build.0 = Release|Any CPU
		{C298A972-C37A-4A9C-BC4B-CB0B24E31751}.Release|iPhoneSimulator.ActiveCfg = Release|Any CPU
		{C298A972-C37A-4A9C-BC4B-CB0B24E31751}.Release|iPhoneSimulator.Build.0 = Release|Any CPU
		{C298A972-C37A-4A9C-BC4B-CB0B24E31751}.Release|x64.ActiveCfg = Release|Any CPU
		{C298A972-C37A-4A9C-BC4B-CB0B24E31751}.Release|x64.Build.0 = Release|Any CPU
		{C298A972-C37A-4A9C-BC4B-CB0B24E31751}.Release|x86.ActiveCfg = Release|Any CPU
		{C298A972-C37A-4A9C-BC4B-CB0B24E31751}.Release|x86.Build.0 = Release|Any CPU
		{F388B698-E773-4075-9609-4CA3330FE817}.Ad-Hoc|Any CPU.ActiveCfg = Release|Any CPU
		{F388B698-E773-4075-9609-4CA3330FE817}.Ad-Hoc|Any CPU.Build.0 = Release|Any CPU
		{F388B698-E773-4075-9609-4CA3330FE817}.Ad-Hoc|ARM.ActiveCfg = Release|ARM
		{F388B698-E773-4075-9609-4CA3330FE817}.Ad-Hoc|ARM.Build.0 = Release|ARM
		{F388B698-E773-4075-9609-4CA3330FE817}.Ad-Hoc|iPhone.ActiveCfg = Release|Any CPU
		{F388B698-E773-4075-9609-4CA3330FE817}.Ad-Hoc|iPhone.Build.0 = Release|Any CPU
		{F388B698-E773-4075-9609-4CA3330FE817}.Ad-Hoc|iPhoneSimulator.ActiveCfg = Release|Any CPU
		{F388B698-E773-4075-9609-4CA3330FE817}.Ad-Hoc|iPhoneSimulator.Build.0 = Release|Any CPU
		{F388B698-E773-4075-9609-4CA3330FE817}.Ad-Hoc|x64.ActiveCfg = Release|x64
		{F388B698-E773-4075-9609-4CA3330FE817}.Ad-Hoc|x64.Build.0 = Release|x64
		{F388B698-E773-4075-9609-4CA3330FE817}.Ad-Hoc|x86.ActiveCfg = Release|x86
		{F388B698-E773-4075-9609-4CA3330FE817}.Ad-Hoc|x86.Build.0 = Release|x86
		{F388B698-E773-4075-9609-4CA3330FE817}.AppStore|Any CPU.ActiveCfg = Release|Any CPU
		{F388B698-E773-4075-9609-4CA3330FE817}.AppStore|Any CPU.Build.0 = Release|Any CPU
		{F388B698-E773-4075-9609-4CA3330FE817}.AppStore|ARM.ActiveCfg = Release|ARM
		{F388B698-E773-4075-9609-4CA3330FE817}.AppStore|ARM.Build.0 = Release|ARM
		{F388B698-E773-4075-9609-4CA3330FE817}.AppStore|iPhone.ActiveCfg = Release|Any CPU
		{F388B698-E773-4075-9609-4CA3330FE817}.AppStore|iPhone.Build.0 = Release|Any CPU
		{F388B698-E773-4075-9609-4CA3330FE817}.AppStore|iPhoneSimulator.ActiveCfg = Release|Any CPU
		{F388B698-E773-4075-9609-4CA3330FE817}.AppStore|iPhoneSimulator.Build.0 = Release|Any CPU
		{F388B698-E773-4075-9609-4CA3330FE817}.AppStore|x64.ActiveCfg = Release|x64
		{F388B698-E773-4075-9609-4CA3330FE817}.AppStore|x64.Build.0 = Release|x64
		{F388B698-E773-4075-9609-4CA3330FE817}.AppStore|x86.ActiveCfg = Release|x86
		{F388B698-E773-4075-9609-4CA3330FE817}.AppStore|x86.Build.0 = Release|x86
		{F388B698-E773-4075-9609-4CA3330FE817}.Debug|Any CPU.ActiveCfg = Debug|Any CPU
		{F388B698-E773-4075-9609-4CA3330FE817}.Debug|Any CPU.Build.0 = Debug|Any CPU
		{F388B698-E773-4075-9609-4CA3330FE817}.Debug|ARM.ActiveCfg = Debug|ARM
		{F388B698-E773-4075-9609-4CA3330FE817}.Debug|ARM.Build.0 = Debug|ARM
		{F388B698-E773-4075-9609-4CA3330FE817}.Debug|iPhone.ActiveCfg = Debug|Any CPU
		{F388B698-E773-4075-9609-4CA3330FE817}.Debug|iPhone.Build.0 = Debug|Any CPU
		{F388B698-E773-4075-9609-4CA3330FE817}.Debug|iPhoneSimulator.ActiveCfg = Debug|Any CPU
		{F388B698-E773-4075-9609-4CA3330FE817}.Debug|iPhoneSimulator.Build.0 = Debug|Any CPU
		{F388B698-E773-4075-9609-4CA3330FE817}.Debug|x64.ActiveCfg = Debug|x64
		{F388B698-E773-4075-9609-4CA3330FE817}.Debug|x64.Build.0 = Debug|x64
		{F388B698-E773-4075-9609-4CA3330FE817}.Debug|x86.ActiveCfg = Debug|x86
		{F388B698-E773-4075-9609-4CA3330FE817}.Debug|x86.Build.0 = Debug|x86
		{F388B698-E773-4075-9609-4CA3330FE817}.Release|Any CPU.ActiveCfg = Release|Any CPU
		{F388B698-E773-4075-9609-4CA3330FE817}.Release|Any CPU.Build.0 = Release|Any CPU
		{F388B698-E773-4075-9609-4CA3330FE817}.Release|ARM.ActiveCfg = Release|ARM
		{F388B698-E773-4075-9609-4CA3330FE817}.Release|ARM.Build.0 = Release|ARM
		{F388B698-E773-4075-9609-4CA3330FE817}.Release|iPhone.ActiveCfg = Release|Any CPU
		{F388B698-E773-4075-9609-4CA3330FE817}.Release|iPhone.Build.0 = Release|Any CPU
		{F388B698-E773-4075-9609-4CA3330FE817}.Release|iPhoneSimulator.ActiveCfg = Release|Any CPU
		{F388B698-E773-4075-9609-4CA3330FE817}.Release|iPhoneSimulator.Build.0 = Release|Any CPU
		{F388B698-E773-4075-9609-4CA3330FE817}.Release|x64.ActiveCfg = Release|x64
		{F388B698-E773-4075-9609-4CA3330FE817}.Release|x64.Build.0 = Release|x64
		{F388B698-E773-4075-9609-4CA3330FE817}.Release|x86.ActiveCfg = Release|x86
		{F388B698-E773-4075-9609-4CA3330FE817}.Release|x86.Build.0 = Release|x86
		{630F9EF7-9EB4-4822-8CF9-93D59E901B5D}.Ad-Hoc|Any CPU.ActiveCfg = Release|Any CPU
		{630F9EF7-9EB4-4822-8CF9-93D59E901B5D}.Ad-Hoc|Any CPU.Build.0 = Release|Any CPU
		{630F9EF7-9EB4-4822-8CF9-93D59E901B5D}.Ad-Hoc|ARM.ActiveCfg = Release|Any CPU
		{630F9EF7-9EB4-4822-8CF9-93D59E901B5D}.Ad-Hoc|ARM.Build.0 = Release|Any CPU
		{630F9EF7-9EB4-4822-8CF9-93D59E901B5D}.Ad-Hoc|iPhone.ActiveCfg = Release|Any CPU
		{630F9EF7-9EB4-4822-8CF9-93D59E901B5D}.Ad-Hoc|iPhone.Build.0 = Release|Any CPU
		{630F9EF7-9EB4-4822-8CF9-93D59E901B5D}.Ad-Hoc|iPhoneSimulator.ActiveCfg = Release|Any CPU
		{630F9EF7-9EB4-4822-8CF9-93D59E901B5D}.Ad-Hoc|iPhoneSimulator.Build.0 = Release|Any CPU
		{630F9EF7-9EB4-4822-8CF9-93D59E901B5D}.Ad-Hoc|x64.ActiveCfg = Release|Any CPU
		{630F9EF7-9EB4-4822-8CF9-93D59E901B5D}.Ad-Hoc|x64.Build.0 = Release|Any CPU
		{630F9EF7-9EB4-4822-8CF9-93D59E901B5D}.Ad-Hoc|x86.ActiveCfg = Release|Any CPU
		{630F9EF7-9EB4-4822-8CF9-93D59E901B5D}.Ad-Hoc|x86.Build.0 = Release|Any CPU
		{630F9EF7-9EB4-4822-8CF9-93D59E901B5D}.AppStore|Any CPU.ActiveCfg = Release|Any CPU
		{630F9EF7-9EB4-4822-8CF9-93D59E901B5D}.AppStore|Any CPU.Build.0 = Release|Any CPU
		{630F9EF7-9EB4-4822-8CF9-93D59E901B5D}.AppStore|ARM.ActiveCfg = Release|Any CPU
		{630F9EF7-9EB4-4822-8CF9-93D59E901B5D}.AppStore|ARM.Build.0 = Release|Any CPU
		{630F9EF7-9EB4-4822-8CF9-93D59E901B5D}.AppStore|iPhone.ActiveCfg = Release|Any CPU
		{630F9EF7-9EB4-4822-8CF9-93D59E901B5D}.AppStore|iPhone.Build.0 = Release|Any CPU
		{630F9EF7-9EB4-4822-8CF9-93D59E901B5D}.AppStore|iPhoneSimulator.ActiveCfg = Release|Any CPU
		{630F9EF7-9EB4-4822-8CF9-93D59E901B5D}.AppStore|iPhoneSimulator.Build.0 = Release|Any CPU
		{630F9EF7-9EB4-4822-8CF9-93D59E901B5D}.AppStore|x64.ActiveCfg = Release|Any CPU
		{630F9EF7-9EB4-4822-8CF9-93D59E901B5D}.AppStore|x64.Build.0 = Release|Any CPU
		{630F9EF7-9EB4-4822-8CF9-93D59E901B5D}.AppStore|x86.ActiveCfg = Release|Any CPU
		{630F9EF7-9EB4-4822-8CF9-93D59E901B5D}.AppStore|x86.Build.0 = Release|Any CPU
		{630F9EF7-9EB4-4822-8CF9-93D59E901B5D}.Debug|Any CPU.ActiveCfg = Debug|Any CPU
		{630F9EF7-9EB4-4822-8CF9-93D59E901B5D}.Debug|Any CPU.Build.0 = Debug|Any CPU
		{630F9EF7-9EB4-4822-8CF9-93D59E901B5D}.Debug|ARM.ActiveCfg = Debug|Any CPU
		{630F9EF7-9EB4-4822-8CF9-93D59E901B5D}.Debug|ARM.Build.0 = Debug|Any CPU
		{630F9EF7-9EB4-4822-8CF9-93D59E901B5D}.Debug|iPhone.ActiveCfg = Debug|Any CPU
		{630F9EF7-9EB4-4822-8CF9-93D59E901B5D}.Debug|iPhone.Build.0 = Debug|Any CPU
		{630F9EF7-9EB4-4822-8CF9-93D59E901B5D}.Debug|iPhoneSimulator.ActiveCfg = Debug|Any CPU
		{630F9EF7-9EB4-4822-8CF9-93D59E901B5D}.Debug|iPhoneSimulator.Build.0 = Debug|Any CPU
		{630F9EF7-9EB4-4822-8CF9-93D59E901B5D}.Debug|x64.ActiveCfg = Debug|Any CPU
		{630F9EF7-9EB4-4822-8CF9-93D59E901B5D}.Debug|x64.Build.0 = Debug|Any CPU
		{630F9EF7-9EB4-4822-8CF9-93D59E901B5D}.Debug|x86.ActiveCfg = Debug|Any CPU
		{630F9EF7-9EB4-4822-8CF9-93D59E901B5D}.Debug|x86.Build.0 = Debug|Any CPU
		{630F9EF7-9EB4-4822-8CF9-93D59E901B5D}.Release|Any CPU.ActiveCfg = Release|Any CPU
		{630F9EF7-9EB4-4822-8CF9-93D59E901B5D}.Release|Any CPU.Build.0 = Release|Any CPU
		{630F9EF7-9EB4-4822-8CF9-93D59E901B5D}.Release|ARM.ActiveCfg = Release|Any CPU
		{630F9EF7-9EB4-4822-8CF9-93D59E901B5D}.Release|ARM.Build.0 = Release|Any CPU
		{630F9EF7-9EB4-4822-8CF9-93D59E901B5D}.Release|iPhone.ActiveCfg = Release|Any CPU
		{630F9EF7-9EB4-4822-8CF9-93D59E901B5D}.Release|iPhone.Build.0 = Release|Any CPU
		{630F9EF7-9EB4-4822-8CF9-93D59E901B5D}.Release|iPhoneSimulator.ActiveCfg = Release|Any CPU
		{630F9EF7-9EB4-4822-8CF9-93D59E901B5D}.Release|iPhoneSimulator.Build.0 = Release|Any CPU
		{630F9EF7-9EB4-4822-8CF9-93D59E901B5D}.Release|x64.ActiveCfg = Release|Any CPU
		{630F9EF7-9EB4-4822-8CF9-93D59E901B5D}.Release|x64.Build.0 = Release|Any CPU
		{630F9EF7-9EB4-4822-8CF9-93D59E901B5D}.Release|x86.ActiveCfg = Release|Any CPU
		{630F9EF7-9EB4-4822-8CF9-93D59E901B5D}.Release|x86.Build.0 = Release|Any CPU
		{A951420D-0C83-4AFD-B952-8E02DE6C3FB2}.Ad-Hoc|Any CPU.ActiveCfg = Release|Any CPU
		{A951420D-0C83-4AFD-B952-8E02DE6C3FB2}.Ad-Hoc|Any CPU.Build.0 = Release|Any CPU
		{A951420D-0C83-4AFD-B952-8E02DE6C3FB2}.Ad-Hoc|ARM.ActiveCfg = Release|Any CPU
		{A951420D-0C83-4AFD-B952-8E02DE6C3FB2}.Ad-Hoc|ARM.Build.0 = Release|Any CPU
		{A951420D-0C83-4AFD-B952-8E02DE6C3FB2}.Ad-Hoc|iPhone.ActiveCfg = Release|Any CPU
		{A951420D-0C83-4AFD-B952-8E02DE6C3FB2}.Ad-Hoc|iPhone.Build.0 = Release|Any CPU
		{A951420D-0C83-4AFD-B952-8E02DE6C3FB2}.Ad-Hoc|iPhoneSimulator.ActiveCfg = Release|Any CPU
		{A951420D-0C83-4AFD-B952-8E02DE6C3FB2}.Ad-Hoc|iPhoneSimulator.Build.0 = Release|Any CPU
		{A951420D-0C83-4AFD-B952-8E02DE6C3FB2}.Ad-Hoc|x64.ActiveCfg = Release|Any CPU
		{A951420D-0C83-4AFD-B952-8E02DE6C3FB2}.Ad-Hoc|x64.Build.0 = Release|Any CPU
		{A951420D-0C83-4AFD-B952-8E02DE6C3FB2}.Ad-Hoc|x86.ActiveCfg = Release|Any CPU
		{A951420D-0C83-4AFD-B952-8E02DE6C3FB2}.Ad-Hoc|x86.Build.0 = Release|Any CPU
		{A951420D-0C83-4AFD-B952-8E02DE6C3FB2}.AppStore|Any CPU.ActiveCfg = Release|Any CPU
		{A951420D-0C83-4AFD-B952-8E02DE6C3FB2}.AppStore|Any CPU.Build.0 = Release|Any CPU
		{A951420D-0C83-4AFD-B952-8E02DE6C3FB2}.AppStore|ARM.ActiveCfg = Release|Any CPU
		{A951420D-0C83-4AFD-B952-8E02DE6C3FB2}.AppStore|ARM.Build.0 = Release|Any CPU
		{A951420D-0C83-4AFD-B952-8E02DE6C3FB2}.AppStore|iPhone.ActiveCfg = Release|Any CPU
		{A951420D-0C83-4AFD-B952-8E02DE6C3FB2}.AppStore|iPhone.Build.0 = Release|Any CPU
		{A951420D-0C83-4AFD-B952-8E02DE6C3FB2}.AppStore|iPhoneSimulator.ActiveCfg = Release|Any CPU
		{A951420D-0C83-4AFD-B952-8E02DE6C3FB2}.AppStore|iPhoneSimulator.Build.0 = Release|Any CPU
		{A951420D-0C83-4AFD-B952-8E02DE6C3FB2}.AppStore|x64.ActiveCfg = Release|Any CPU
		{A951420D-0C83-4AFD-B952-8E02DE6C3FB2}.AppStore|x64.Build.0 = Release|Any CPU
		{A951420D-0C83-4AFD-B952-8E02DE6C3FB2}.AppStore|x86.ActiveCfg = Release|Any CPU
		{A951420D-0C83-4AFD-B952-8E02DE6C3FB2}.AppStore|x86.Build.0 = Release|Any CPU
		{A951420D-0C83-4AFD-B952-8E02DE6C3FB2}.Debug|Any CPU.ActiveCfg = Debug|Any CPU
		{A951420D-0C83-4AFD-B952-8E02DE6C3FB2}.Debug|Any CPU.Build.0 = Debug|Any CPU
		{A951420D-0C83-4AFD-B952-8E02DE6C3FB2}.Debug|ARM.ActiveCfg = Debug|Any CPU
		{A951420D-0C83-4AFD-B952-8E02DE6C3FB2}.Debug|ARM.Build.0 = Debug|Any CPU
		{A951420D-0C83-4AFD-B952-8E02DE6C3FB2}.Debug|iPhone.ActiveCfg = Debug|Any CPU
		{A951420D-0C83-4AFD-B952-8E02DE6C3FB2}.Debug|iPhone.Build.0 = Debug|Any CPU
		{A951420D-0C83-4AFD-B952-8E02DE6C3FB2}.Debug|iPhoneSimulator.ActiveCfg = Debug|Any CPU
		{A951420D-0C83-4AFD-B952-8E02DE6C3FB2}.Debug|iPhoneSimulator.Build.0 = Debug|Any CPU
		{A951420D-0C83-4AFD-B952-8E02DE6C3FB2}.Debug|x64.ActiveCfg = Debug|Any CPU
		{A951420D-0C83-4AFD-B952-8E02DE6C3FB2}.Debug|x64.Build.0 = Debug|Any CPU
		{A951420D-0C83-4AFD-B952-8E02DE6C3FB2}.Debug|x86.ActiveCfg = Debug|Any CPU
		{A951420D-0C83-4AFD-B952-8E02DE6C3FB2}.Debug|x86.Build.0 = Debug|Any CPU
		{A951420D-0C83-4AFD-B952-8E02DE6C3FB2}.Release|Any CPU.ActiveCfg = Release|Any CPU
		{A951420D-0C83-4AFD-B952-8E02DE6C3FB2}.Release|Any CPU.Build.0 = Release|Any CPU
		{A951420D-0C83-4AFD-B952-8E02DE6C3FB2}.Release|ARM.ActiveCfg = Release|Any CPU
		{A951420D-0C83-4AFD-B952-8E02DE6C3FB2}.Release|ARM.Build.0 = Release|Any CPU
		{A951420D-0C83-4AFD-B952-8E02DE6C3FB2}.Release|iPhone.ActiveCfg = Release|Any CPU
		{A951420D-0C83-4AFD-B952-8E02DE6C3FB2}.Release|iPhone.Build.0 = Release|Any CPU
		{A951420D-0C83-4AFD-B952-8E02DE6C3FB2}.Release|iPhoneSimulator.ActiveCfg = Release|Any CPU
		{A951420D-0C83-4AFD-B952-8E02DE6C3FB2}.Release|iPhoneSimulator.Build.0 = Release|Any CPU
		{A951420D-0C83-4AFD-B952-8E02DE6C3FB2}.Release|x64.ActiveCfg = Release|Any CPU
		{A951420D-0C83-4AFD-B952-8E02DE6C3FB2}.Release|x64.Build.0 = Release|Any CPU
		{A951420D-0C83-4AFD-B952-8E02DE6C3FB2}.Release|x86.ActiveCfg = Release|Any CPU
		{A951420D-0C83-4AFD-B952-8E02DE6C3FB2}.Release|x86.Build.0 = Release|Any CPU
		{B159BA8D-67E7-421E-B8A4-54AE9C2D1C02}.Ad-Hoc|Any CPU.ActiveCfg = Release|x64
		{B159BA8D-67E7-421E-B8A4-54AE9C2D1C02}.Ad-Hoc|Any CPU.Build.0 = Release|x64
		{B159BA8D-67E7-421E-B8A4-54AE9C2D1C02}.Ad-Hoc|Any CPU.Deploy.0 = Release|x64
		{B159BA8D-67E7-421E-B8A4-54AE9C2D1C02}.Ad-Hoc|ARM.ActiveCfg = Release|ARM
		{B159BA8D-67E7-421E-B8A4-54AE9C2D1C02}.Ad-Hoc|ARM.Build.0 = Release|ARM
		{B159BA8D-67E7-421E-B8A4-54AE9C2D1C02}.Ad-Hoc|ARM.Deploy.0 = Release|ARM
		{B159BA8D-67E7-421E-B8A4-54AE9C2D1C02}.Ad-Hoc|iPhone.ActiveCfg = Release|x64
		{B159BA8D-67E7-421E-B8A4-54AE9C2D1C02}.Ad-Hoc|iPhone.Build.0 = Release|x64
		{B159BA8D-67E7-421E-B8A4-54AE9C2D1C02}.Ad-Hoc|iPhone.Deploy.0 = Release|x64
		{B159BA8D-67E7-421E-B8A4-54AE9C2D1C02}.Ad-Hoc|iPhoneSimulator.ActiveCfg = Release|x64
		{B159BA8D-67E7-421E-B8A4-54AE9C2D1C02}.Ad-Hoc|iPhoneSimulator.Build.0 = Release|x64
		{B159BA8D-67E7-421E-B8A4-54AE9C2D1C02}.Ad-Hoc|iPhoneSimulator.Deploy.0 = Release|x64
		{B159BA8D-67E7-421E-B8A4-54AE9C2D1C02}.Ad-Hoc|x64.ActiveCfg = Release|x64
		{B159BA8D-67E7-421E-B8A4-54AE9C2D1C02}.Ad-Hoc|x64.Build.0 = Release|x64
		{B159BA8D-67E7-421E-B8A4-54AE9C2D1C02}.Ad-Hoc|x64.Deploy.0 = Release|x64
		{B159BA8D-67E7-421E-B8A4-54AE9C2D1C02}.Ad-Hoc|x86.ActiveCfg = Release|x86
		{B159BA8D-67E7-421E-B8A4-54AE9C2D1C02}.Ad-Hoc|x86.Build.0 = Release|x86
		{B159BA8D-67E7-421E-B8A4-54AE9C2D1C02}.Ad-Hoc|x86.Deploy.0 = Release|x86
		{B159BA8D-67E7-421E-B8A4-54AE9C2D1C02}.AppStore|Any CPU.ActiveCfg = Release|x64
		{B159BA8D-67E7-421E-B8A4-54AE9C2D1C02}.AppStore|Any CPU.Build.0 = Release|x64
		{B159BA8D-67E7-421E-B8A4-54AE9C2D1C02}.AppStore|Any CPU.Deploy.0 = Release|x64
		{B159BA8D-67E7-421E-B8A4-54AE9C2D1C02}.AppStore|ARM.ActiveCfg = Release|ARM
		{B159BA8D-67E7-421E-B8A4-54AE9C2D1C02}.AppStore|ARM.Build.0 = Release|ARM
		{B159BA8D-67E7-421E-B8A4-54AE9C2D1C02}.AppStore|ARM.Deploy.0 = Release|ARM
		{B159BA8D-67E7-421E-B8A4-54AE9C2D1C02}.AppStore|iPhone.ActiveCfg = Release|x64
		{B159BA8D-67E7-421E-B8A4-54AE9C2D1C02}.AppStore|iPhone.Build.0 = Release|x64
		{B159BA8D-67E7-421E-B8A4-54AE9C2D1C02}.AppStore|iPhone.Deploy.0 = Release|x64
		{B159BA8D-67E7-421E-B8A4-54AE9C2D1C02}.AppStore|iPhoneSimulator.ActiveCfg = Release|x64
		{B159BA8D-67E7-421E-B8A4-54AE9C2D1C02}.AppStore|iPhoneSimulator.Build.0 = Release|x64
		{B159BA8D-67E7-421E-B8A4-54AE9C2D1C02}.AppStore|iPhoneSimulator.Deploy.0 = Release|x64
		{B159BA8D-67E7-421E-B8A4-54AE9C2D1C02}.AppStore|x64.ActiveCfg = Release|x64
		{B159BA8D-67E7-421E-B8A4-54AE9C2D1C02}.AppStore|x64.Build.0 = Release|x64
		{B159BA8D-67E7-421E-B8A4-54AE9C2D1C02}.AppStore|x64.Deploy.0 = Release|x64
		{B159BA8D-67E7-421E-B8A4-54AE9C2D1C02}.AppStore|x86.ActiveCfg = Release|x86
		{B159BA8D-67E7-421E-B8A4-54AE9C2D1C02}.AppStore|x86.Build.0 = Release|x86
		{B159BA8D-67E7-421E-B8A4-54AE9C2D1C02}.AppStore|x86.Deploy.0 = Release|x86
		{B159BA8D-67E7-421E-B8A4-54AE9C2D1C02}.Debug|Any CPU.ActiveCfg = Debug|x86
		{B159BA8D-67E7-421E-B8A4-54AE9C2D1C02}.Debug|ARM.ActiveCfg = Debug|ARM
		{B159BA8D-67E7-421E-B8A4-54AE9C2D1C02}.Debug|ARM.Build.0 = Debug|ARM
		{B159BA8D-67E7-421E-B8A4-54AE9C2D1C02}.Debug|ARM.Deploy.0 = Debug|ARM
		{B159BA8D-67E7-421E-B8A4-54AE9C2D1C02}.Debug|iPhone.ActiveCfg = Debug|x86
		{B159BA8D-67E7-421E-B8A4-54AE9C2D1C02}.Debug|iPhoneSimulator.ActiveCfg = Debug|x86
		{B159BA8D-67E7-421E-B8A4-54AE9C2D1C02}.Debug|x64.ActiveCfg = Debug|x64
		{B159BA8D-67E7-421E-B8A4-54AE9C2D1C02}.Debug|x64.Build.0 = Debug|x64
		{B159BA8D-67E7-421E-B8A4-54AE9C2D1C02}.Debug|x64.Deploy.0 = Debug|x64
		{B159BA8D-67E7-421E-B8A4-54AE9C2D1C02}.Debug|x86.ActiveCfg = Debug|x86
		{B159BA8D-67E7-421E-B8A4-54AE9C2D1C02}.Debug|x86.Build.0 = Debug|x86
		{B159BA8D-67E7-421E-B8A4-54AE9C2D1C02}.Debug|x86.Deploy.0 = Debug|x86
		{B159BA8D-67E7-421E-B8A4-54AE9C2D1C02}.Release|Any CPU.ActiveCfg = Release|x86
		{B159BA8D-67E7-421E-B8A4-54AE9C2D1C02}.Release|ARM.ActiveCfg = Release|ARM
		{B159BA8D-67E7-421E-B8A4-54AE9C2D1C02}.Release|ARM.Build.0 = Release|ARM
		{B159BA8D-67E7-421E-B8A4-54AE9C2D1C02}.Release|ARM.Deploy.0 = Release|ARM
		{B159BA8D-67E7-421E-B8A4-54AE9C2D1C02}.Release|iPhone.ActiveCfg = Release|x86
		{B159BA8D-67E7-421E-B8A4-54AE9C2D1C02}.Release|iPhoneSimulator.ActiveCfg = Release|x86
		{B159BA8D-67E7-421E-B8A4-54AE9C2D1C02}.Release|x64.ActiveCfg = Release|x64
		{B159BA8D-67E7-421E-B8A4-54AE9C2D1C02}.Release|x64.Build.0 = Release|x64
		{B159BA8D-67E7-421E-B8A4-54AE9C2D1C02}.Release|x64.Deploy.0 = Release|x64
		{B159BA8D-67E7-421E-B8A4-54AE9C2D1C02}.Release|x86.ActiveCfg = Release|x86
		{B159BA8D-67E7-421E-B8A4-54AE9C2D1C02}.Release|x86.Build.0 = Release|x86
		{B159BA8D-67E7-421E-B8A4-54AE9C2D1C02}.Release|x86.Deploy.0 = Release|x86
		{9B4CA4FD-1621-446A-9148-8814ECE0408E}.Ad-Hoc|Any CPU.ActiveCfg = Release|Any CPU
		{9B4CA4FD-1621-446A-9148-8814ECE0408E}.Ad-Hoc|Any CPU.Build.0 = Release|Any CPU
		{9B4CA4FD-1621-446A-9148-8814ECE0408E}.Ad-Hoc|Any CPU.Deploy.0 = Release|Any CPU
		{9B4CA4FD-1621-446A-9148-8814ECE0408E}.Ad-Hoc|ARM.ActiveCfg = Release|Any CPU
		{9B4CA4FD-1621-446A-9148-8814ECE0408E}.Ad-Hoc|ARM.Build.0 = Release|Any CPU
		{9B4CA4FD-1621-446A-9148-8814ECE0408E}.Ad-Hoc|ARM.Deploy.0 = Release|Any CPU
		{9B4CA4FD-1621-446A-9148-8814ECE0408E}.Ad-Hoc|iPhone.ActiveCfg = Release|Any CPU
		{9B4CA4FD-1621-446A-9148-8814ECE0408E}.Ad-Hoc|iPhone.Build.0 = Release|Any CPU
		{9B4CA4FD-1621-446A-9148-8814ECE0408E}.Ad-Hoc|iPhone.Deploy.0 = Release|Any CPU
		{9B4CA4FD-1621-446A-9148-8814ECE0408E}.Ad-Hoc|iPhoneSimulator.ActiveCfg = Release|Any CPU
		{9B4CA4FD-1621-446A-9148-8814ECE0408E}.Ad-Hoc|iPhoneSimulator.Build.0 = Release|Any CPU
		{9B4CA4FD-1621-446A-9148-8814ECE0408E}.Ad-Hoc|iPhoneSimulator.Deploy.0 = Release|Any CPU
		{9B4CA4FD-1621-446A-9148-8814ECE0408E}.Ad-Hoc|x64.ActiveCfg = Release|Any CPU
		{9B4CA4FD-1621-446A-9148-8814ECE0408E}.Ad-Hoc|x64.Build.0 = Release|Any CPU
		{9B4CA4FD-1621-446A-9148-8814ECE0408E}.Ad-Hoc|x64.Deploy.0 = Release|Any CPU
		{9B4CA4FD-1621-446A-9148-8814ECE0408E}.Ad-Hoc|x86.ActiveCfg = Release|Any CPU
		{9B4CA4FD-1621-446A-9148-8814ECE0408E}.Ad-Hoc|x86.Build.0 = Release|Any CPU
		{9B4CA4FD-1621-446A-9148-8814ECE0408E}.Ad-Hoc|x86.Deploy.0 = Release|Any CPU
		{9B4CA4FD-1621-446A-9148-8814ECE0408E}.AppStore|Any CPU.ActiveCfg = Release|Any CPU
		{9B4CA4FD-1621-446A-9148-8814ECE0408E}.AppStore|Any CPU.Build.0 = Release|Any CPU
		{9B4CA4FD-1621-446A-9148-8814ECE0408E}.AppStore|Any CPU.Deploy.0 = Release|Any CPU
		{9B4CA4FD-1621-446A-9148-8814ECE0408E}.AppStore|ARM.ActiveCfg = Release|Any CPU
		{9B4CA4FD-1621-446A-9148-8814ECE0408E}.AppStore|ARM.Build.0 = Release|Any CPU
		{9B4CA4FD-1621-446A-9148-8814ECE0408E}.AppStore|ARM.Deploy.0 = Release|Any CPU
		{9B4CA4FD-1621-446A-9148-8814ECE0408E}.AppStore|iPhone.ActiveCfg = Release|Any CPU
		{9B4CA4FD-1621-446A-9148-8814ECE0408E}.AppStore|iPhone.Build.0 = Release|Any CPU
		{9B4CA4FD-1621-446A-9148-8814ECE0408E}.AppStore|iPhone.Deploy.0 = Release|Any CPU
		{9B4CA4FD-1621-446A-9148-8814ECE0408E}.AppStore|iPhoneSimulator.ActiveCfg = Release|Any CPU
		{9B4CA4FD-1621-446A-9148-8814ECE0408E}.AppStore|iPhoneSimulator.Build.0 = Release|Any CPU
		{9B4CA4FD-1621-446A-9148-8814ECE0408E}.AppStore|iPhoneSimulator.Deploy.0 = Release|Any CPU
		{9B4CA4FD-1621-446A-9148-8814ECE0408E}.AppStore|x64.ActiveCfg = Release|Any CPU
		{9B4CA4FD-1621-446A-9148-8814ECE0408E}.AppStore|x64.Build.0 = Release|Any CPU
		{9B4CA4FD-1621-446A-9148-8814ECE0408E}.AppStore|x64.Deploy.0 = Release|Any CPU
		{9B4CA4FD-1621-446A-9148-8814ECE0408E}.AppStore|x86.ActiveCfg = Release|Any CPU
		{9B4CA4FD-1621-446A-9148-8814ECE0408E}.AppStore|x86.Build.0 = Release|Any CPU
		{9B4CA4FD-1621-446A-9148-8814ECE0408E}.AppStore|x86.Deploy.0 = Release|Any CPU
		{9B4CA4FD-1621-446A-9148-8814ECE0408E}.Debug|Any CPU.ActiveCfg = Debug|Any CPU
		{9B4CA4FD-1621-446A-9148-8814ECE0408E}.Debug|Any CPU.Build.0 = Debug|Any CPU
		{9B4CA4FD-1621-446A-9148-8814ECE0408E}.Debug|Any CPU.Deploy.0 = Debug|Any CPU
		{9B4CA4FD-1621-446A-9148-8814ECE0408E}.Debug|ARM.ActiveCfg = Debug|Any CPU
		{9B4CA4FD-1621-446A-9148-8814ECE0408E}.Debug|ARM.Build.0 = Debug|Any CPU
		{9B4CA4FD-1621-446A-9148-8814ECE0408E}.Debug|ARM.Deploy.0 = Debug|Any CPU
		{9B4CA4FD-1621-446A-9148-8814ECE0408E}.Debug|iPhone.ActiveCfg = Debug|Any CPU
		{9B4CA4FD-1621-446A-9148-8814ECE0408E}.Debug|iPhone.Build.0 = Debug|Any CPU
		{9B4CA4FD-1621-446A-9148-8814ECE0408E}.Debug|iPhone.Deploy.0 = Debug|Any CPU
		{9B4CA4FD-1621-446A-9148-8814ECE0408E}.Debug|iPhoneSimulator.ActiveCfg = Debug|Any CPU
		{9B4CA4FD-1621-446A-9148-8814ECE0408E}.Debug|iPhoneSimulator.Build.0 = Debug|Any CPU
		{9B4CA4FD-1621-446A-9148-8814ECE0408E}.Debug|iPhoneSimulator.Deploy.0 = Debug|Any CPU
		{9B4CA4FD-1621-446A-9148-8814ECE0408E}.Debug|x64.ActiveCfg = Debug|Any CPU
		{9B4CA4FD-1621-446A-9148-8814ECE0408E}.Debug|x64.Build.0 = Debug|Any CPU
		{9B4CA4FD-1621-446A-9148-8814ECE0408E}.Debug|x64.Deploy.0 = Debug|Any CPU
		{9B4CA4FD-1621-446A-9148-8814ECE0408E}.Debug|x86.ActiveCfg = Debug|Any CPU
		{9B4CA4FD-1621-446A-9148-8814ECE0408E}.Debug|x86.Build.0 = Debug|Any CPU
		{9B4CA4FD-1621-446A-9148-8814ECE0408E}.Debug|x86.Deploy.0 = Debug|Any CPU
		{9B4CA4FD-1621-446A-9148-8814ECE0408E}.Release|Any CPU.ActiveCfg = Release|Any CPU
		{9B4CA4FD-1621-446A-9148-8814ECE0408E}.Release|Any CPU.Build.0 = Release|Any CPU
		{9B4CA4FD-1621-446A-9148-8814ECE0408E}.Release|Any CPU.Deploy.0 = Release|Any CPU
		{9B4CA4FD-1621-446A-9148-8814ECE0408E}.Release|ARM.ActiveCfg = Release|Any CPU
		{9B4CA4FD-1621-446A-9148-8814ECE0408E}.Release|ARM.Build.0 = Release|Any CPU
		{9B4CA4FD-1621-446A-9148-8814ECE0408E}.Release|ARM.Deploy.0 = Release|Any CPU
		{9B4CA4FD-1621-446A-9148-8814ECE0408E}.Release|iPhone.ActiveCfg = Release|Any CPU
		{9B4CA4FD-1621-446A-9148-8814ECE0408E}.Release|iPhone.Build.0 = Release|Any CPU
		{9B4CA4FD-1621-446A-9148-8814ECE0408E}.Release|iPhone.Deploy.0 = Release|Any CPU
		{9B4CA4FD-1621-446A-9148-8814ECE0408E}.Release|iPhoneSimulator.ActiveCfg = Release|Any CPU
		{9B4CA4FD-1621-446A-9148-8814ECE0408E}.Release|iPhoneSimulator.Build.0 = Release|Any CPU
		{9B4CA4FD-1621-446A-9148-8814ECE0408E}.Release|iPhoneSimulator.Deploy.0 = Release|Any CPU
		{9B4CA4FD-1621-446A-9148-8814ECE0408E}.Release|x64.ActiveCfg = Release|Any CPU
		{9B4CA4FD-1621-446A-9148-8814ECE0408E}.Release|x64.Build.0 = Release|Any CPU
		{9B4CA4FD-1621-446A-9148-8814ECE0408E}.Release|x64.Deploy.0 = Release|Any CPU
		{9B4CA4FD-1621-446A-9148-8814ECE0408E}.Release|x86.ActiveCfg = Release|Any CPU
		{9B4CA4FD-1621-446A-9148-8814ECE0408E}.Release|x86.Build.0 = Release|Any CPU
		{9B4CA4FD-1621-446A-9148-8814ECE0408E}.Release|x86.Deploy.0 = Release|Any CPU
		{CA8E03E7-34A5-4380-8A80-5035F3647490}.Ad-Hoc|Any CPU.ActiveCfg = Ad-Hoc|iPhone
		{CA8E03E7-34A5-4380-8A80-5035F3647490}.Ad-Hoc|ARM.ActiveCfg = Ad-Hoc|iPhone
		{CA8E03E7-34A5-4380-8A80-5035F3647490}.Ad-Hoc|iPhone.ActiveCfg = Ad-Hoc|iPhone
		{CA8E03E7-34A5-4380-8A80-5035F3647490}.Ad-Hoc|iPhone.Build.0 = Ad-Hoc|iPhone
		{CA8E03E7-34A5-4380-8A80-5035F3647490}.Ad-Hoc|iPhoneSimulator.ActiveCfg = Ad-Hoc|iPhoneSimulator
		{CA8E03E7-34A5-4380-8A80-5035F3647490}.Ad-Hoc|iPhoneSimulator.Build.0 = Ad-Hoc|iPhoneSimulator
		{CA8E03E7-34A5-4380-8A80-5035F3647490}.Ad-Hoc|x64.ActiveCfg = Ad-Hoc|iPhone
		{CA8E03E7-34A5-4380-8A80-5035F3647490}.Ad-Hoc|x86.ActiveCfg = Ad-Hoc|iPhone
		{CA8E03E7-34A5-4380-8A80-5035F3647490}.AppStore|Any CPU.ActiveCfg = AppStore|iPhone
		{CA8E03E7-34A5-4380-8A80-5035F3647490}.AppStore|ARM.ActiveCfg = AppStore|iPhone
		{CA8E03E7-34A5-4380-8A80-5035F3647490}.AppStore|iPhone.ActiveCfg = AppStore|iPhone
		{CA8E03E7-34A5-4380-8A80-5035F3647490}.AppStore|iPhone.Build.0 = AppStore|iPhone
		{CA8E03E7-34A5-4380-8A80-5035F3647490}.AppStore|iPhoneSimulator.ActiveCfg = AppStore|iPhoneSimulator
		{CA8E03E7-34A5-4380-8A80-5035F3647490}.AppStore|iPhoneSimulator.Build.0 = AppStore|iPhoneSimulator
		{CA8E03E7-34A5-4380-8A80-5035F3647490}.AppStore|x64.ActiveCfg = AppStore|iPhone
		{CA8E03E7-34A5-4380-8A80-5035F3647490}.AppStore|x86.ActiveCfg = AppStore|iPhone
		{CA8E03E7-34A5-4380-8A80-5035F3647490}.Debug|Any CPU.ActiveCfg = Debug|iPhone
		{CA8E03E7-34A5-4380-8A80-5035F3647490}.Debug|ARM.ActiveCfg = Debug|iPhone
		{CA8E03E7-34A5-4380-8A80-5035F3647490}.Debug|iPhone.ActiveCfg = Debug|iPhone
		{CA8E03E7-34A5-4380-8A80-5035F3647490}.Debug|iPhone.Build.0 = Debug|iPhone
		{CA8E03E7-34A5-4380-8A80-5035F3647490}.Debug|iPhoneSimulator.ActiveCfg = Debug|iPhoneSimulator
		{CA8E03E7-34A5-4380-8A80-5035F3647490}.Debug|iPhoneSimulator.Build.0 = Debug|iPhoneSimulator
		{CA8E03E7-34A5-4380-8A80-5035F3647490}.Debug|x64.ActiveCfg = Debug|iPhone
		{CA8E03E7-34A5-4380-8A80-5035F3647490}.Debug|x86.ActiveCfg = Debug|iPhone
		{CA8E03E7-34A5-4380-8A80-5035F3647490}.Release|Any CPU.ActiveCfg = Release|iPhone
		{CA8E03E7-34A5-4380-8A80-5035F3647490}.Release|ARM.ActiveCfg = Release|iPhone
		{CA8E03E7-34A5-4380-8A80-5035F3647490}.Release|iPhone.ActiveCfg = Release|iPhone
		{CA8E03E7-34A5-4380-8A80-5035F3647490}.Release|iPhone.Build.0 = Release|iPhone
		{CA8E03E7-34A5-4380-8A80-5035F3647490}.Release|iPhoneSimulator.ActiveCfg = Release|iPhoneSimulator
		{CA8E03E7-34A5-4380-8A80-5035F3647490}.Release|iPhoneSimulator.Build.0 = Release|iPhoneSimulator
		{CA8E03E7-34A5-4380-8A80-5035F3647490}.Release|x64.ActiveCfg = Release|iPhone
		{CA8E03E7-34A5-4380-8A80-5035F3647490}.Release|x86.ActiveCfg = Release|iPhone
		{F2FDDBE2-D8A9-4752-B9B8-702566516CE6}.Ad-Hoc|Any CPU.ActiveCfg = Debug|Any CPU
		{F2FDDBE2-D8A9-4752-B9B8-702566516CE6}.Ad-Hoc|Any CPU.Build.0 = Debug|Any CPU
		{F2FDDBE2-D8A9-4752-B9B8-702566516CE6}.Ad-Hoc|ARM.ActiveCfg = Debug|Any CPU
		{F2FDDBE2-D8A9-4752-B9B8-702566516CE6}.Ad-Hoc|ARM.Build.0 = Debug|Any CPU
		{F2FDDBE2-D8A9-4752-B9B8-702566516CE6}.Ad-Hoc|iPhone.ActiveCfg = Debug|Any CPU
		{F2FDDBE2-D8A9-4752-B9B8-702566516CE6}.Ad-Hoc|iPhone.Build.0 = Debug|Any CPU
		{F2FDDBE2-D8A9-4752-B9B8-702566516CE6}.Ad-Hoc|iPhoneSimulator.ActiveCfg = Debug|Any CPU
		{F2FDDBE2-D8A9-4752-B9B8-702566516CE6}.Ad-Hoc|iPhoneSimulator.Build.0 = Debug|Any CPU
		{F2FDDBE2-D8A9-4752-B9B8-702566516CE6}.Ad-Hoc|x64.ActiveCfg = Debug|Any CPU
		{F2FDDBE2-D8A9-4752-B9B8-702566516CE6}.Ad-Hoc|x64.Build.0 = Debug|Any CPU
		{F2FDDBE2-D8A9-4752-B9B8-702566516CE6}.Ad-Hoc|x86.ActiveCfg = Debug|Any CPU
		{F2FDDBE2-D8A9-4752-B9B8-702566516CE6}.Ad-Hoc|x86.Build.0 = Debug|Any CPU
		{F2FDDBE2-D8A9-4752-B9B8-702566516CE6}.AppStore|Any CPU.ActiveCfg = Debug|Any CPU
		{F2FDDBE2-D8A9-4752-B9B8-702566516CE6}.AppStore|Any CPU.Build.0 = Debug|Any CPU
		{F2FDDBE2-D8A9-4752-B9B8-702566516CE6}.AppStore|ARM.ActiveCfg = Debug|Any CPU
		{F2FDDBE2-D8A9-4752-B9B8-702566516CE6}.AppStore|ARM.Build.0 = Debug|Any CPU
		{F2FDDBE2-D8A9-4752-B9B8-702566516CE6}.AppStore|iPhone.ActiveCfg = Debug|Any CPU
		{F2FDDBE2-D8A9-4752-B9B8-702566516CE6}.AppStore|iPhone.Build.0 = Debug|Any CPU
		{F2FDDBE2-D8A9-4752-B9B8-702566516CE6}.AppStore|iPhoneSimulator.ActiveCfg = Debug|Any CPU
		{F2FDDBE2-D8A9-4752-B9B8-702566516CE6}.AppStore|iPhoneSimulator.Build.0 = Debug|Any CPU
		{F2FDDBE2-D8A9-4752-B9B8-702566516CE6}.AppStore|x64.ActiveCfg = Debug|Any CPU
		{F2FDDBE2-D8A9-4752-B9B8-702566516CE6}.AppStore|x64.Build.0 = Debug|Any CPU
		{F2FDDBE2-D8A9-4752-B9B8-702566516CE6}.AppStore|x86.ActiveCfg = Debug|Any CPU
		{F2FDDBE2-D8A9-4752-B9B8-702566516CE6}.AppStore|x86.Build.0 = Debug|Any CPU
		{F2FDDBE2-D8A9-4752-B9B8-702566516CE6}.Debug|Any CPU.ActiveCfg = Debug|Any CPU
		{F2FDDBE2-D8A9-4752-B9B8-702566516CE6}.Debug|Any CPU.Build.0 = Debug|Any CPU
		{F2FDDBE2-D8A9-4752-B9B8-702566516CE6}.Debug|ARM.ActiveCfg = Debug|Any CPU
		{F2FDDBE2-D8A9-4752-B9B8-702566516CE6}.Debug|ARM.Build.0 = Debug|Any CPU
		{F2FDDBE2-D8A9-4752-B9B8-702566516CE6}.Debug|iPhone.ActiveCfg = Debug|Any CPU
		{F2FDDBE2-D8A9-4752-B9B8-702566516CE6}.Debug|iPhone.Build.0 = Debug|Any CPU
		{F2FDDBE2-D8A9-4752-B9B8-702566516CE6}.Debug|iPhoneSimulator.ActiveCfg = Debug|Any CPU
		{F2FDDBE2-D8A9-4752-B9B8-702566516CE6}.Debug|iPhoneSimulator.Build.0 = Debug|Any CPU
		{F2FDDBE2-D8A9-4752-B9B8-702566516CE6}.Debug|x64.ActiveCfg = Debug|Any CPU
		{F2FDDBE2-D8A9-4752-B9B8-702566516CE6}.Debug|x64.Build.0 = Debug|Any CPU
		{F2FDDBE2-D8A9-4752-B9B8-702566516CE6}.Debug|x86.ActiveCfg = Debug|Any CPU
		{F2FDDBE2-D8A9-4752-B9B8-702566516CE6}.Debug|x86.Build.0 = Debug|Any CPU
		{F2FDDBE2-D8A9-4752-B9B8-702566516CE6}.Release|Any CPU.ActiveCfg = Release|Any CPU
		{F2FDDBE2-D8A9-4752-B9B8-702566516CE6}.Release|Any CPU.Build.0 = Release|Any CPU
		{F2FDDBE2-D8A9-4752-B9B8-702566516CE6}.Release|ARM.ActiveCfg = Release|Any CPU
		{F2FDDBE2-D8A9-4752-B9B8-702566516CE6}.Release|ARM.Build.0 = Release|Any CPU
		{F2FDDBE2-D8A9-4752-B9B8-702566516CE6}.Release|iPhone.ActiveCfg = Release|Any CPU
		{F2FDDBE2-D8A9-4752-B9B8-702566516CE6}.Release|iPhone.Build.0 = Release|Any CPU
		{F2FDDBE2-D8A9-4752-B9B8-702566516CE6}.Release|iPhoneSimulator.ActiveCfg = Release|Any CPU
		{F2FDDBE2-D8A9-4752-B9B8-702566516CE6}.Release|iPhoneSimulator.Build.0 = Release|Any CPU
		{F2FDDBE2-D8A9-4752-B9B8-702566516CE6}.Release|x64.ActiveCfg = Release|Any CPU
		{F2FDDBE2-D8A9-4752-B9B8-702566516CE6}.Release|x64.Build.0 = Release|Any CPU
		{F2FDDBE2-D8A9-4752-B9B8-702566516CE6}.Release|x86.ActiveCfg = Release|Any CPU
		{F2FDDBE2-D8A9-4752-B9B8-702566516CE6}.Release|x86.Build.0 = Release|Any CPU
		{2316AD27-EE34-4678-9DAC-1D1C99069470}.Ad-Hoc|Any CPU.ActiveCfg = Debug|Any CPU
		{2316AD27-EE34-4678-9DAC-1D1C99069470}.Ad-Hoc|Any CPU.Build.0 = Debug|Any CPU
		{2316AD27-EE34-4678-9DAC-1D1C99069470}.Ad-Hoc|ARM.ActiveCfg = Debug|Any CPU
		{2316AD27-EE34-4678-9DAC-1D1C99069470}.Ad-Hoc|ARM.Build.0 = Debug|Any CPU
		{2316AD27-EE34-4678-9DAC-1D1C99069470}.Ad-Hoc|iPhone.ActiveCfg = Debug|Any CPU
		{2316AD27-EE34-4678-9DAC-1D1C99069470}.Ad-Hoc|iPhone.Build.0 = Debug|Any CPU
		{2316AD27-EE34-4678-9DAC-1D1C99069470}.Ad-Hoc|iPhoneSimulator.ActiveCfg = Debug|Any CPU
		{2316AD27-EE34-4678-9DAC-1D1C99069470}.Ad-Hoc|iPhoneSimulator.Build.0 = Debug|Any CPU
		{2316AD27-EE34-4678-9DAC-1D1C99069470}.Ad-Hoc|x64.ActiveCfg = Debug|Any CPU
		{2316AD27-EE34-4678-9DAC-1D1C99069470}.Ad-Hoc|x64.Build.0 = Debug|Any CPU
		{2316AD27-EE34-4678-9DAC-1D1C99069470}.Ad-Hoc|x86.ActiveCfg = Debug|Any CPU
		{2316AD27-EE34-4678-9DAC-1D1C99069470}.Ad-Hoc|x86.Build.0 = Debug|Any CPU
		{2316AD27-EE34-4678-9DAC-1D1C99069470}.AppStore|Any CPU.ActiveCfg = Debug|Any CPU
		{2316AD27-EE34-4678-9DAC-1D1C99069470}.AppStore|Any CPU.Build.0 = Debug|Any CPU
		{2316AD27-EE34-4678-9DAC-1D1C99069470}.AppStore|ARM.ActiveCfg = Debug|Any CPU
		{2316AD27-EE34-4678-9DAC-1D1C99069470}.AppStore|ARM.Build.0 = Debug|Any CPU
		{2316AD27-EE34-4678-9DAC-1D1C99069470}.AppStore|iPhone.ActiveCfg = Debug|Any CPU
		{2316AD27-EE34-4678-9DAC-1D1C99069470}.AppStore|iPhone.Build.0 = Debug|Any CPU
		{2316AD27-EE34-4678-9DAC-1D1C99069470}.AppStore|iPhoneSimulator.ActiveCfg = Debug|Any CPU
		{2316AD27-EE34-4678-9DAC-1D1C99069470}.AppStore|iPhoneSimulator.Build.0 = Debug|Any CPU
		{2316AD27-EE34-4678-9DAC-1D1C99069470}.AppStore|x64.ActiveCfg = Debug|Any CPU
		{2316AD27-EE34-4678-9DAC-1D1C99069470}.AppStore|x64.Build.0 = Debug|Any CPU
		{2316AD27-EE34-4678-9DAC-1D1C99069470}.AppStore|x86.ActiveCfg = Debug|Any CPU
		{2316AD27-EE34-4678-9DAC-1D1C99069470}.AppStore|x86.Build.0 = Debug|Any CPU
		{2316AD27-EE34-4678-9DAC-1D1C99069470}.Debug|Any CPU.ActiveCfg = Debug|Any CPU
		{2316AD27-EE34-4678-9DAC-1D1C99069470}.Debug|Any CPU.Build.0 = Debug|Any CPU
		{2316AD27-EE34-4678-9DAC-1D1C99069470}.Debug|ARM.ActiveCfg = Debug|Any CPU
		{2316AD27-EE34-4678-9DAC-1D1C99069470}.Debug|ARM.Build.0 = Debug|Any CPU
		{2316AD27-EE34-4678-9DAC-1D1C99069470}.Debug|iPhone.ActiveCfg = Debug|Any CPU
		{2316AD27-EE34-4678-9DAC-1D1C99069470}.Debug|iPhone.Build.0 = Debug|Any CPU
		{2316AD27-EE34-4678-9DAC-1D1C99069470}.Debug|iPhoneSimulator.ActiveCfg = Debug|Any CPU
		{2316AD27-EE34-4678-9DAC-1D1C99069470}.Debug|iPhoneSimulator.Build.0 = Debug|Any CPU
		{2316AD27-EE34-4678-9DAC-1D1C99069470}.Debug|x64.ActiveCfg = Debug|Any CPU
		{2316AD27-EE34-4678-9DAC-1D1C99069470}.Debug|x64.Build.0 = Debug|Any CPU
		{2316AD27-EE34-4678-9DAC-1D1C99069470}.Debug|x86.ActiveCfg = Debug|Any CPU
		{2316AD27-EE34-4678-9DAC-1D1C99069470}.Debug|x86.Build.0 = Debug|Any CPU
		{2316AD27-EE34-4678-9DAC-1D1C99069470}.Release|Any CPU.ActiveCfg = Release|Any CPU
		{2316AD27-EE34-4678-9DAC-1D1C99069470}.Release|Any CPU.Build.0 = Release|Any CPU
		{2316AD27-EE34-4678-9DAC-1D1C99069470}.Release|ARM.ActiveCfg = Release|Any CPU
		{2316AD27-EE34-4678-9DAC-1D1C99069470}.Release|ARM.Build.0 = Release|Any CPU
		{2316AD27-EE34-4678-9DAC-1D1C99069470}.Release|iPhone.ActiveCfg = Release|Any CPU
		{2316AD27-EE34-4678-9DAC-1D1C99069470}.Release|iPhone.Build.0 = Release|Any CPU
		{2316AD27-EE34-4678-9DAC-1D1C99069470}.Release|iPhoneSimulator.ActiveCfg = Release|Any CPU
		{2316AD27-EE34-4678-9DAC-1D1C99069470}.Release|iPhoneSimulator.Build.0 = Release|Any CPU
		{2316AD27-EE34-4678-9DAC-1D1C99069470}.Release|x64.ActiveCfg = Release|Any CPU
		{2316AD27-EE34-4678-9DAC-1D1C99069470}.Release|x64.Build.0 = Release|Any CPU
		{2316AD27-EE34-4678-9DAC-1D1C99069470}.Release|x86.ActiveCfg = Release|Any CPU
		{2316AD27-EE34-4678-9DAC-1D1C99069470}.Release|x86.Build.0 = Release|Any CPU
		{C9A79F5B-0C65-4CC5-A0BF-16EF57ECF9BC}.Ad-Hoc|Any CPU.ActiveCfg = Debug|Any CPU
		{C9A79F5B-0C65-4CC5-A0BF-16EF57ECF9BC}.Ad-Hoc|Any CPU.Build.0 = Debug|Any CPU
		{C9A79F5B-0C65-4CC5-A0BF-16EF57ECF9BC}.Ad-Hoc|ARM.ActiveCfg = Debug|Any CPU
		{C9A79F5B-0C65-4CC5-A0BF-16EF57ECF9BC}.Ad-Hoc|ARM.Build.0 = Debug|Any CPU
		{C9A79F5B-0C65-4CC5-A0BF-16EF57ECF9BC}.Ad-Hoc|iPhone.ActiveCfg = Debug|Any CPU
		{C9A79F5B-0C65-4CC5-A0BF-16EF57ECF9BC}.Ad-Hoc|iPhone.Build.0 = Debug|Any CPU
		{C9A79F5B-0C65-4CC5-A0BF-16EF57ECF9BC}.Ad-Hoc|iPhoneSimulator.ActiveCfg = Debug|Any CPU
		{C9A79F5B-0C65-4CC5-A0BF-16EF57ECF9BC}.Ad-Hoc|iPhoneSimulator.Build.0 = Debug|Any CPU
		{C9A79F5B-0C65-4CC5-A0BF-16EF57ECF9BC}.Ad-Hoc|x64.ActiveCfg = Debug|Any CPU
		{C9A79F5B-0C65-4CC5-A0BF-16EF57ECF9BC}.Ad-Hoc|x64.Build.0 = Debug|Any CPU
		{C9A79F5B-0C65-4CC5-A0BF-16EF57ECF9BC}.Ad-Hoc|x86.ActiveCfg = Debug|Any CPU
		{C9A79F5B-0C65-4CC5-A0BF-16EF57ECF9BC}.Ad-Hoc|x86.Build.0 = Debug|Any CPU
		{C9A79F5B-0C65-4CC5-A0BF-16EF57ECF9BC}.AppStore|Any CPU.ActiveCfg = Debug|Any CPU
		{C9A79F5B-0C65-4CC5-A0BF-16EF57ECF9BC}.AppStore|Any CPU.Build.0 = Debug|Any CPU
		{C9A79F5B-0C65-4CC5-A0BF-16EF57ECF9BC}.AppStore|ARM.ActiveCfg = Debug|Any CPU
		{C9A79F5B-0C65-4CC5-A0BF-16EF57ECF9BC}.AppStore|ARM.Build.0 = Debug|Any CPU
		{C9A79F5B-0C65-4CC5-A0BF-16EF57ECF9BC}.AppStore|iPhone.ActiveCfg = Debug|Any CPU
		{C9A79F5B-0C65-4CC5-A0BF-16EF57ECF9BC}.AppStore|iPhone.Build.0 = Debug|Any CPU
		{C9A79F5B-0C65-4CC5-A0BF-16EF57ECF9BC}.AppStore|iPhoneSimulator.ActiveCfg = Debug|Any CPU
		{C9A79F5B-0C65-4CC5-A0BF-16EF57ECF9BC}.AppStore|iPhoneSimulator.Build.0 = Debug|Any CPU
		{C9A79F5B-0C65-4CC5-A0BF-16EF57ECF9BC}.AppStore|x64.ActiveCfg = Debug|Any CPU
		{C9A79F5B-0C65-4CC5-A0BF-16EF57ECF9BC}.AppStore|x64.Build.0 = Debug|Any CPU
		{C9A79F5B-0C65-4CC5-A0BF-16EF57ECF9BC}.AppStore|x86.ActiveCfg = Debug|Any CPU
		{C9A79F5B-0C65-4CC5-A0BF-16EF57ECF9BC}.AppStore|x86.Build.0 = Debug|Any CPU
		{C9A79F5B-0C65-4CC5-A0BF-16EF57ECF9BC}.Debug|Any CPU.ActiveCfg = Debug|Any CPU
		{C9A79F5B-0C65-4CC5-A0BF-16EF57ECF9BC}.Debug|Any CPU.Build.0 = Debug|Any CPU
		{C9A79F5B-0C65-4CC5-A0BF-16EF57ECF9BC}.Debug|ARM.ActiveCfg = Debug|Any CPU
		{C9A79F5B-0C65-4CC5-A0BF-16EF57ECF9BC}.Debug|ARM.Build.0 = Debug|Any CPU
		{C9A79F5B-0C65-4CC5-A0BF-16EF57ECF9BC}.Debug|iPhone.ActiveCfg = Debug|Any CPU
		{C9A79F5B-0C65-4CC5-A0BF-16EF57ECF9BC}.Debug|iPhone.Build.0 = Debug|Any CPU
		{C9A79F5B-0C65-4CC5-A0BF-16EF57ECF9BC}.Debug|iPhoneSimulator.ActiveCfg = Debug|Any CPU
		{C9A79F5B-0C65-4CC5-A0BF-16EF57ECF9BC}.Debug|iPhoneSimulator.Build.0 = Debug|Any CPU
		{C9A79F5B-0C65-4CC5-A0BF-16EF57ECF9BC}.Debug|x64.ActiveCfg = Debug|Any CPU
		{C9A79F5B-0C65-4CC5-A0BF-16EF57ECF9BC}.Debug|x64.Build.0 = Debug|Any CPU
		{C9A79F5B-0C65-4CC5-A0BF-16EF57ECF9BC}.Debug|x86.ActiveCfg = Debug|Any CPU
		{C9A79F5B-0C65-4CC5-A0BF-16EF57ECF9BC}.Debug|x86.Build.0 = Debug|Any CPU
		{C9A79F5B-0C65-4CC5-A0BF-16EF57ECF9BC}.Release|Any CPU.ActiveCfg = Release|Any CPU
		{C9A79F5B-0C65-4CC5-A0BF-16EF57ECF9BC}.Release|Any CPU.Build.0 = Release|Any CPU
		{C9A79F5B-0C65-4CC5-A0BF-16EF57ECF9BC}.Release|ARM.ActiveCfg = Release|Any CPU
		{C9A79F5B-0C65-4CC5-A0BF-16EF57ECF9BC}.Release|ARM.Build.0 = Release|Any CPU
		{C9A79F5B-0C65-4CC5-A0BF-16EF57ECF9BC}.Release|iPhone.ActiveCfg = Release|Any CPU
		{C9A79F5B-0C65-4CC5-A0BF-16EF57ECF9BC}.Release|iPhone.Build.0 = Release|Any CPU
		{C9A79F5B-0C65-4CC5-A0BF-16EF57ECF9BC}.Release|iPhoneSimulator.ActiveCfg = Release|Any CPU
		{C9A79F5B-0C65-4CC5-A0BF-16EF57ECF9BC}.Release|iPhoneSimulator.Build.0 = Release|Any CPU
		{C9A79F5B-0C65-4CC5-A0BF-16EF57ECF9BC}.Release|x64.ActiveCfg = Release|Any CPU
		{C9A79F5B-0C65-4CC5-A0BF-16EF57ECF9BC}.Release|x64.Build.0 = Release|Any CPU
		{C9A79F5B-0C65-4CC5-A0BF-16EF57ECF9BC}.Release|x86.ActiveCfg = Release|Any CPU
		{C9A79F5B-0C65-4CC5-A0BF-16EF57ECF9BC}.Release|x86.Build.0 = Release|Any CPU
	EndGlobalSection
	GlobalSection(SolutionProperties) = preSolution
		HideSolutionNode = FALSE
	EndGlobalSection
	GlobalSection(NestedProjects) = preSolution
		{9956F129-C95D-4FFC-AEC2-2F1CD77E9CFC} = {5EC2AEFD-9146-470C-8F98-2B450624A4BE}
		{8682C97E-8A61-4714-A3C3-F42E3B2558D3} = {5EC2AEFD-9146-470C-8F98-2B450624A4BE}
		{47874C05-0E5F-49D7-AB2D-35A0264DE81E} = {5EC2AEFD-9146-470C-8F98-2B450624A4BE}
		{29A525FB-FC28-4B38-9C4B-63078B3AD0DA} = {5EC2AEFD-9146-470C-8F98-2B450624A4BE}
		{C298A972-C37A-4A9C-BC4B-CB0B24E31751} = {5EC2AEFD-9146-470C-8F98-2B450624A4BE}
		{F388B698-E773-4075-9609-4CA3330FE817} = {5EC2AEFD-9146-470C-8F98-2B450624A4BE}
		{A951420D-0C83-4AFD-B952-8E02DE6C3FB2} = {5E754587-7F2F-4E20-856E-451DFF8B232B}
		{B159BA8D-67E7-421E-B8A4-54AE9C2D1C02} = {B9261FE5-27CD-4A16-A312-CDC42D8CA65A}
		{9B4CA4FD-1621-446A-9148-8814ECE0408E} = {B115B3D1-5CE2-4A5F-A351-28E67B551D2C}
		{CA8E03E7-34A5-4380-8A80-5035F3647490} = {B115B3D1-5CE2-4A5F-A351-28E67B551D2C}
		{E42BCA7B-806A-4CBE-8841-A86EFDBFC363} = {B115B3D1-5CE2-4A5F-A351-28E67B551D2C}
		{B115B3D1-5CE2-4A5F-A351-28E67B551D2C} = {2C8C95B6-B2A8-4C3F-99C7-9E7964B64831}
		{B9261FE5-27CD-4A16-A312-CDC42D8CA65A} = {2C8C95B6-B2A8-4C3F-99C7-9E7964B64831}
		{F2FDDBE2-D8A9-4752-B9B8-702566516CE6} = {67307CF6-6473-4BA1-AE6D-55722D30EAB3}
		{2316AD27-EE34-4678-9DAC-1D1C99069470} = {2C8C95B6-B2A8-4C3F-99C7-9E7964B64831}
		{C9A79F5B-0C65-4CC5-A0BF-16EF57ECF9BC} = {5EC2AEFD-9146-470C-8F98-2B450624A4BE}
	EndGlobalSection
	GlobalSection(ExtensibilityGlobals) = postSolution
		SolutionGuid = {43D71ACC-955B-4E4E-B610-B5EA05FC1572}
	EndGlobalSection
EndGlobal
