
Microsoft Visual Studio Solution File, Format Version 12.00
# Visual Studio 15
VisualStudioVersion = 15.0.27703.2047
MinimumVisualStudioVersion = 10.0.40219.1
Project("{FAE04EC0-301F-11D3-BF4B-00C04F79EFBC}") = "PlainUWP", "PlainUWP\PlainUWP.csproj", "{AE0303F9-7E85-4E7A-9775-3D0408E2664A}"
EndProject
Project("{9A19103F-16F7-4668-BE54-9A1E7A4F7556}") = "Reedoo.NET.Messages", "..\Reedoo\Reedoo.NET\Reedoo.NET.Messages\Reedoo.NET.Messages.csproj", "{9956F129-C95D-4FFC-AEC2-2F1CD77E9CFC}"
EndProject
Project("{2150E333-8FDC-42A3-9474-1A3956D46DE8}") = "Reedoo", "Reedoo", "{5EC2AEFD-9146-470C-8F98-2B450624A4BE}"
EndProject
Project("{9A19103F-16F7-4668-BE54-9A1E7A4F7556}") = "Reedoo.NET.Utils", "..\Reedoo\Reedoo.NET\Reedoo.NET.Utils\Reedoo.NET.Utils.csproj", "{8682C97E-8A61-4714-A3C3-F42E3B2558D3}"
EndProject
Project("{9A19103F-16F7-4668-BE54-9A1E7A4F7556}") = "Reedoo.NET.Controller", "..\Reedoo\Reedoo.NET\Reedoo.NET.Controller\Reedoo.NET.Controller.csproj", "{47874C05-0E5F-49D7-AB2D-35A0264DE81E}"
EndProject
Project("{9A19103F-16F7-4668-BE54-9A1E7A4F7556}") = "Reedoo.NET.Client", "..\Reedoo\Reedoo.NET\Reedoo.NET.Client\Reedoo.NET.Client.csproj", "{29A525FB-FC28-4B38-9C4B-63078B3AD0DA}"
EndProject
Project("{9A19103F-16F7-4668-BE54-9A1E7A4F7556}") = "Reedoo.NET.XAML", "..\Reedoo\Reedoo.NET\Reedoo.NET.XAML\Reedoo.NET.XAML.csproj", "{C298A972-C37A-4A9C-BC4B-CB0B24E31751}"
EndProject
Project("{FAE04EC0-301F-11D3-BF4B-00C04F79EFBC}") = "Reedoo.API.UWP", "..\Reedoo\Reedoo.NET\Reedoo.API.UWP\Reedoo.API.UWP.csproj", "{F388B698-E773-4075-9609-4CA3330FE817}"
EndProject
Project("{FAE04EC0-301F-11D3-BF4B-00C04F79EFBC}") = "RomanApp.Messages", "RomanApp.Messages\RomanApp.Messages.csproj", "{630F9EF7-9EB4-4822-8CF9-93D59E901B5D}"
EndProject
Project("{FAE04EC0-301F-11D3-BF4B-00C04F79EFBC}") = "RomanApp.Controller", "RomanApp.Controller\RomanApp.Controller.csproj", "{A951420D-0C83-4AFD-B952-8E02DE6C3FB2}"
EndProject
Project("{FAE04EC0-301F-11D3-BF4B-00C04F79EFBC}") = "RomanApp.Client.XAML", "RomanApp.Client.XAML\RomanApp.Client.XAML.csproj", "{FFD3EB6B-2256-4C67-9540-BE7BF283741F}"
EndProject
Project("{FAE04EC0-301F-11D3-BF4B-00C04F79EFBC}") = "RomanApp.Client.UWP", "RomanApp.Client.UWP\RomanApp.Client.UWP.csproj", "{B159BA8D-67E7-421E-B8A4-54AE9C2D1C02}"
EndProject
Project("{2150E333-8FDC-42A3-9474-1A3956D46DE8}") = "Controller", "Controller", "{5E754587-7F2F-4E20-856E-451DFF8B232B}"
EndProject
Project("{2150E333-8FDC-42A3-9474-1A3956D46DE8}") = "Client", "Client", "{2C8C95B6-B2A8-4C3F-99C7-9E7964B64831}"
EndProject
Global
	GlobalSection(SolutionConfigurationPlatforms) = preSolution
		Debug|Any CPU = Debug|Any CPU
		Debug|ARM = Debug|ARM
		Debug|x64 = Debug|x64
		Debug|x86 = Debug|x86
		Release|Any CPU = Release|Any CPU
		Release|ARM = Release|ARM
		Release|x64 = Release|x64
		Release|x86 = Release|x86
	EndGlobalSection
	GlobalSection(ProjectConfigurationPlatforms) = postSolution
		{AE0303F9-7E85-4E7A-9775-3D0408E2664A}.Debug|Any CPU.ActiveCfg = Debug|x86
		{AE0303F9-7E85-4E7A-9775-3D0408E2664A}.Debug|ARM.ActiveCfg = Debug|ARM
		{AE0303F9-7E85-4E7A-9775-3D0408E2664A}.Debug|ARM.Build.0 = Debug|ARM
		{AE0303F9-7E85-4E7A-9775-3D0408E2664A}.Debug|ARM.Deploy.0 = Debug|ARM
		{AE0303F9-7E85-4E7A-9775-3D0408E2664A}.Debug|x64.ActiveCfg = Debug|x64
		{AE0303F9-7E85-4E7A-9775-3D0408E2664A}.Debug|x64.Build.0 = Debug|x64
		{AE0303F9-7E85-4E7A-9775-3D0408E2664A}.Debug|x64.Deploy.0 = Debug|x64
		{AE0303F9-7E85-4E7A-9775-3D0408E2664A}.Debug|x86.ActiveCfg = Debug|x86
		{AE0303F9-7E85-4E7A-9775-3D0408E2664A}.Debug|x86.Build.0 = Debug|x86
		{AE0303F9-7E85-4E7A-9775-3D0408E2664A}.Debug|x86.Deploy.0 = Debug|x86
		{AE0303F9-7E85-4E7A-9775-3D0408E2664A}.Release|Any CPU.ActiveCfg = Release|x86
		{AE0303F9-7E85-4E7A-9775-3D0408E2664A}.Release|ARM.ActiveCfg = Release|ARM
		{AE0303F9-7E85-4E7A-9775-3D0408E2664A}.Release|ARM.Build.0 = Release|ARM
		{AE0303F9-7E85-4E7A-9775-3D0408E2664A}.Release|ARM.Deploy.0 = Release|ARM
		{AE0303F9-7E85-4E7A-9775-3D0408E2664A}.Release|x64.ActiveCfg = Release|x64
		{AE0303F9-7E85-4E7A-9775-3D0408E2664A}.Release|x64.Build.0 = Release|x64
		{AE0303F9-7E85-4E7A-9775-3D0408E2664A}.Release|x64.Deploy.0 = Release|x64
		{AE0303F9-7E85-4E7A-9775-3D0408E2664A}.Release|x86.ActiveCfg = Release|x86
		{AE0303F9-7E85-4E7A-9775-3D0408E2664A}.Release|x86.Build.0 = Release|x86
		{AE0303F9-7E85-4E7A-9775-3D0408E2664A}.Release|x86.Deploy.0 = Release|x86
		{9956F129-C95D-4FFC-AEC2-2F1CD77E9CFC}.Debug|Any CPU.ActiveCfg = Debug|Any CPU
		{9956F129-C95D-4FFC-AEC2-2F1CD77E9CFC}.Debug|Any CPU.Build.0 = Debug|Any CPU
		{9956F129-C95D-4FFC-AEC2-2F1CD77E9CFC}.Debug|ARM.ActiveCfg = Debug|Any CPU
		{9956F129-C95D-4FFC-AEC2-2F1CD77E9CFC}.Debug|ARM.Build.0 = Debug|Any CPU
		{9956F129-C95D-4FFC-AEC2-2F1CD77E9CFC}.Debug|x64.ActiveCfg = Debug|Any CPU
		{9956F129-C95D-4FFC-AEC2-2F1CD77E9CFC}.Debug|x64.Build.0 = Debug|Any CPU
		{9956F129-C95D-4FFC-AEC2-2F1CD77E9CFC}.Debug|x86.ActiveCfg = Debug|Any CPU
		{9956F129-C95D-4FFC-AEC2-2F1CD77E9CFC}.Debug|x86.Build.0 = Debug|Any CPU
		{9956F129-C95D-4FFC-AEC2-2F1CD77E9CFC}.Release|Any CPU.ActiveCfg = Release|Any CPU
		{9956F129-C95D-4FFC-AEC2-2F1CD77E9CFC}.Release|Any CPU.Build.0 = Release|Any CPU
		{9956F129-C95D-4FFC-AEC2-2F1CD77E9CFC}.Release|ARM.ActiveCfg = Release|Any CPU
		{9956F129-C95D-4FFC-AEC2-2F1CD77E9CFC}.Release|ARM.Build.0 = Release|Any CPU
		{9956F129-C95D-4FFC-AEC2-2F1CD77E9CFC}.Release|x64.ActiveCfg = Release|Any CPU
		{9956F129-C95D-4FFC-AEC2-2F1CD77E9CFC}.Release|x64.Build.0 = Release|Any CPU
		{9956F129-C95D-4FFC-AEC2-2F1CD77E9CFC}.Release|x86.ActiveCfg = Release|Any CPU
		{9956F129-C95D-4FFC-AEC2-2F1CD77E9CFC}.Release|x86.Build.0 = Release|Any CPU
		{8682C97E-8A61-4714-A3C3-F42E3B2558D3}.Debug|Any CPU.ActiveCfg = Debug|Any CPU
		{8682C97E-8A61-4714-A3C3-F42E3B2558D3}.Debug|Any CPU.Build.0 = Debug|Any CPU
		{8682C97E-8A61-4714-A3C3-F42E3B2558D3}.Debug|ARM.ActiveCfg = Debug|Any CPU
		{8682C97E-8A61-4714-A3C3-F42E3B2558D3}.Debug|ARM.Build.0 = Debug|Any CPU
		{8682C97E-8A61-4714-A3C3-F42E3B2558D3}.Debug|x64.ActiveCfg = Debug|Any CPU
		{8682C97E-8A61-4714-A3C3-F42E3B2558D3}.Debug|x64.Build.0 = Debug|Any CPU
		{8682C97E-8A61-4714-A3C3-F42E3B2558D3}.Debug|x86.ActiveCfg = Debug|Any CPU
		{8682C97E-8A61-4714-A3C3-F42E3B2558D3}.Debug|x86.Build.0 = Debug|Any CPU
		{8682C97E-8A61-4714-A3C3-F42E3B2558D3}.Release|Any CPU.ActiveCfg = Release|Any CPU
		{8682C97E-8A61-4714-A3C3-F42E3B2558D3}.Release|Any CPU.Build.0 = Release|Any CPU
		{8682C97E-8A61-4714-A3C3-F42E3B2558D3}.Release|ARM.ActiveCfg = Release|Any CPU
		{8682C97E-8A61-4714-A3C3-F42E3B2558D3}.Release|ARM.Build.0 = Release|Any CPU
		{8682C97E-8A61-4714-A3C3-F42E3B2558D3}.Release|x64.ActiveCfg = Release|Any CPU
		{8682C97E-8A61-4714-A3C3-F42E3B2558D3}.Release|x64.Build.0 = Release|Any CPU
		{8682C97E-8A61-4714-A3C3-F42E3B2558D3}.Release|x86.ActiveCfg = Release|Any CPU
		{8682C97E-8A61-4714-A3C3-F42E3B2558D3}.Release|x86.Build.0 = Release|Any CPU
		{47874C05-0E5F-49D7-AB2D-35A0264DE81E}.Debug|Any CPU.ActiveCfg = Debug|Any CPU
		{47874C05-0E5F-49D7-AB2D-35A0264DE81E}.Debug|Any CPU.Build.0 = Debug|Any CPU
		{47874C05-0E5F-49D7-AB2D-35A0264DE81E}.Debug|ARM.ActiveCfg = Debug|Any CPU
		{47874C05-0E5F-49D7-AB2D-35A0264DE81E}.Debug|ARM.Build.0 = Debug|Any CPU
		{47874C05-0E5F-49D7-AB2D-35A0264DE81E}.Debug|x64.ActiveCfg = Debug|Any CPU
		{47874C05-0E5F-49D7-AB2D-35A0264DE81E}.Debug|x64.Build.0 = Debug|Any CPU
		{47874C05-0E5F-49D7-AB2D-35A0264DE81E}.Debug|x86.ActiveCfg = Debug|Any CPU
		{47874C05-0E5F-49D7-AB2D-35A0264DE81E}.Debug|x86.Build.0 = Debug|Any CPU
		{47874C05-0E5F-49D7-AB2D-35A0264DE81E}.Release|Any CPU.ActiveCfg = Release|Any CPU
		{47874C05-0E5F-49D7-AB2D-35A0264DE81E}.Release|Any CPU.Build.0 = Release|Any CPU
		{47874C05-0E5F-49D7-AB2D-35A0264DE81E}.Release|ARM.ActiveCfg = Release|Any CPU
		{47874C05-0E5F-49D7-AB2D-35A0264DE81E}.Release|ARM.Build.0 = Release|Any CPU
		{47874C05-0E5F-49D7-AB2D-35A0264DE81E}.Release|x64.ActiveCfg = Release|Any CPU
		{47874C05-0E5F-49D7-AB2D-35A0264DE81E}.Release|x64.Build.0 = Release|Any CPU
		{47874C05-0E5F-49D7-AB2D-35A0264DE81E}.Release|x86.ActiveCfg = Release|Any CPU
		{47874C05-0E5F-49D7-AB2D-35A0264DE81E}.Release|x86.Build.0 = Release|Any CPU
		{29A525FB-FC28-4B38-9C4B-63078B3AD0DA}.Debug|Any CPU.ActiveCfg = Debug|Any CPU
		{29A525FB-FC28-4B38-9C4B-63078B3AD0DA}.Debug|Any CPU.Build.0 = Debug|Any CPU
		{29A525FB-FC28-4B38-9C4B-63078B3AD0DA}.Debug|ARM.ActiveCfg = Debug|Any CPU
		{29A525FB-FC28-4B38-9C4B-63078B3AD0DA}.Debug|ARM.Build.0 = Debug|Any CPU
		{29A525FB-FC28-4B38-9C4B-63078B3AD0DA}.Debug|x64.ActiveCfg = Debug|Any CPU
		{29A525FB-FC28-4B38-9C4B-63078B3AD0DA}.Debug|x64.Build.0 = Debug|Any CPU
		{29A525FB-FC28-4B38-9C4B-63078B3AD0DA}.Debug|x86.ActiveCfg = Debug|Any CPU
		{29A525FB-FC28-4B38-9C4B-63078B3AD0DA}.Debug|x86.Build.0 = Debug|Any CPU
		{29A525FB-FC28-4B38-9C4B-63078B3AD0DA}.Release|Any CPU.ActiveCfg = Release|Any CPU
		{29A525FB-FC28-4B38-9C4B-63078B3AD0DA}.Release|Any CPU.Build.0 = Release|Any CPU
		{29A525FB-FC28-4B38-9C4B-63078B3AD0DA}.Release|ARM.ActiveCfg = Release|Any CPU
		{29A525FB-FC28-4B38-9C4B-63078B3AD0DA}.Release|ARM.Build.0 = Release|Any CPU
		{29A525FB-FC28-4B38-9C4B-63078B3AD0DA}.Release|x64.ActiveCfg = Release|Any CPU
		{29A525FB-FC28-4B38-9C4B-63078B3AD0DA}.Release|x64.Build.0 = Release|Any CPU
		{29A525FB-FC28-4B38-9C4B-63078B3AD0DA}.Release|x86.ActiveCfg = Release|Any CPU
		{29A525FB-FC28-4B38-9C4B-63078B3AD0DA}.Release|x86.Build.0 = Release|Any CPU
		{C298A972-C37A-4A9C-BC4B-CB0B24E31751}.Debug|Any CPU.ActiveCfg = Debug|Any CPU
		{C298A972-C37A-4A9C-BC4B-CB0B24E31751}.Debug|Any CPU.Build.0 = Debug|Any CPU
		{C298A972-C37A-4A9C-BC4B-CB0B24E31751}.Debug|ARM.ActiveCfg = Debug|Any CPU
		{C298A972-C37A-4A9C-BC4B-CB0B24E31751}.Debug|ARM.Build.0 = Debug|Any CPU
		{C298A972-C37A-4A9C-BC4B-CB0B24E31751}.Debug|x64.ActiveCfg = Debug|Any CPU
		{C298A972-C37A-4A9C-BC4B-CB0B24E31751}.Debug|x64.Build.0 = Debug|Any CPU
		{C298A972-C37A-4A9C-BC4B-CB0B24E31751}.Debug|x86.ActiveCfg = Debug|Any CPU
		{C298A972-C37A-4A9C-BC4B-CB0B24E31751}.Debug|x86.Build.0 = Debug|Any CPU
		{C298A972-C37A-4A9C-BC4B-CB0B24E31751}.Release|Any CPU.ActiveCfg = Release|Any CPU
		{C298A972-C37A-4A9C-BC4B-CB0B24E31751}.Release|Any CPU.Build.0 = Release|Any CPU
		{C298A972-C37A-4A9C-BC4B-CB0B24E31751}.Release|ARM.ActiveCfg = Release|Any CPU
		{C298A972-C37A-4A9C-BC4B-CB0B24E31751}.Release|ARM.Build.0 = Release|Any CPU
		{C298A972-C37A-4A9C-BC4B-CB0B24E31751}.Release|x64.ActiveCfg = Release|Any CPU
		{C298A972-C37A-4A9C-BC4B-CB0B24E31751}.Release|x64.Build.0 = Release|Any CPU
		{C298A972-C37A-4A9C-BC4B-CB0B24E31751}.Release|x86.ActiveCfg = Release|Any CPU
		{C298A972-C37A-4A9C-BC4B-CB0B24E31751}.Release|x86.Build.0 = Release|Any CPU
		{F388B698-E773-4075-9609-4CA3330FE817}.Debug|Any CPU.ActiveCfg = Debug|Any CPU
		{F388B698-E773-4075-9609-4CA3330FE817}.Debug|Any CPU.Build.0 = Debug|Any CPU
		{F388B698-E773-4075-9609-4CA3330FE817}.Debug|ARM.ActiveCfg = Debug|ARM
		{F388B698-E773-4075-9609-4CA3330FE817}.Debug|ARM.Build.0 = Debug|ARM
		{F388B698-E773-4075-9609-4CA3330FE817}.Debug|x64.ActiveCfg = Debug|x64
		{F388B698-E773-4075-9609-4CA3330FE817}.Debug|x64.Build.0 = Debug|x64
		{F388B698-E773-4075-9609-4CA3330FE817}.Debug|x86.ActiveCfg = Debug|x86
		{F388B698-E773-4075-9609-4CA3330FE817}.Debug|x86.Build.0 = Debug|x86
		{F388B698-E773-4075-9609-4CA3330FE817}.Release|Any CPU.ActiveCfg = Release|Any CPU
		{F388B698-E773-4075-9609-4CA3330FE817}.Release|Any CPU.Build.0 = Release|Any CPU
		{F388B698-E773-4075-9609-4CA3330FE817}.Release|ARM.ActiveCfg = Release|ARM
		{F388B698-E773-4075-9609-4CA3330FE817}.Release|ARM.Build.0 = Release|ARM
		{F388B698-E773-4075-9609-4CA3330FE817}.Release|x64.ActiveCfg = Release|x64
		{F388B698-E773-4075-9609-4CA3330FE817}.Release|x64.Build.0 = Release|x64
		{F388B698-E773-4075-9609-4CA3330FE817}.Release|x86.ActiveCfg = Release|x86
		{F388B698-E773-4075-9609-4CA3330FE817}.Release|x86.Build.0 = Release|x86
		{630F9EF7-9EB4-4822-8CF9-93D59E901B5D}.Debug|Any CPU.ActiveCfg = Debug|Any CPU
		{630F9EF7-9EB4-4822-8CF9-93D59E901B5D}.Debug|Any CPU.Build.0 = Debug|Any CPU
		{630F9EF7-9EB4-4822-8CF9-93D59E901B5D}.Debug|ARM.ActiveCfg = Debug|Any CPU
		{630F9EF7-9EB4-4822-8CF9-93D59E901B5D}.Debug|ARM.Build.0 = Debug|Any CPU
		{630F9EF7-9EB4-4822-8CF9-93D59E901B5D}.Debug|x64.ActiveCfg = Debug|Any CPU
		{630F9EF7-9EB4-4822-8CF9-93D59E901B5D}.Debug|x64.Build.0 = Debug|Any CPU
		{630F9EF7-9EB4-4822-8CF9-93D59E901B5D}.Debug|x86.ActiveCfg = Debug|Any CPU
		{630F9EF7-9EB4-4822-8CF9-93D59E901B5D}.Debug|x86.Build.0 = Debug|Any CPU
		{630F9EF7-9EB4-4822-8CF9-93D59E901B5D}.Release|Any CPU.ActiveCfg = Release|Any CPU
		{630F9EF7-9EB4-4822-8CF9-93D59E901B5D}.Release|Any CPU.Build.0 = Release|Any CPU
		{630F9EF7-9EB4-4822-8CF9-93D59E901B5D}.Release|ARM.ActiveCfg = Release|Any CPU
		{630F9EF7-9EB4-4822-8CF9-93D59E901B5D}.Release|ARM.Build.0 = Release|Any CPU
		{630F9EF7-9EB4-4822-8CF9-93D59E901B5D}.Release|x64.ActiveCfg = Release|Any CPU
		{630F9EF7-9EB4-4822-8CF9-93D59E901B5D}.Release|x64.Build.0 = Release|Any CPU
		{630F9EF7-9EB4-4822-8CF9-93D59E901B5D}.Release|x86.ActiveCfg = Release|Any CPU
		{630F9EF7-9EB4-4822-8CF9-93D59E901B5D}.Release|x86.Build.0 = Release|Any CPU
		{A951420D-0C83-4AFD-B952-8E02DE6C3FB2}.Debug|Any CPU.ActiveCfg = Debug|Any CPU
		{A951420D-0C83-4AFD-B952-8E02DE6C3FB2}.Debug|Any CPU.Build.0 = Debug|Any CPU
		{A951420D-0C83-4AFD-B952-8E02DE6C3FB2}.Debug|ARM.ActiveCfg = Debug|Any CPU
		{A951420D-0C83-4AFD-B952-8E02DE6C3FB2}.Debug|ARM.Build.0 = Debug|Any CPU
		{A951420D-0C83-4AFD-B952-8E02DE6C3FB2}.Debug|x64.ActiveCfg = Debug|Any CPU
		{A951420D-0C83-4AFD-B952-8E02DE6C3FB2}.Debug|x64.Build.0 = Debug|Any CPU
		{A951420D-0C83-4AFD-B952-8E02DE6C3FB2}.Debug|x86.ActiveCfg = Debug|Any CPU
		{A951420D-0C83-4AFD-B952-8E02DE6C3FB2}.Debug|x86.Build.0 = Debug|Any CPU
		{A951420D-0C83-4AFD-B952-8E02DE6C3FB2}.Release|Any CPU.ActiveCfg = Release|Any CPU
		{A951420D-0C83-4AFD-B952-8E02DE6C3FB2}.Release|Any CPU.Build.0 = Release|Any CPU
		{A951420D-0C83-4AFD-B952-8E02DE6C3FB2}.Release|ARM.ActiveCfg = Release|Any CPU
		{A951420D-0C83-4AFD-B952-8E02DE6C3FB2}.Release|ARM.Build.0 = Release|Any CPU
		{A951420D-0C83-4AFD-B952-8E02DE6C3FB2}.Release|x64.ActiveCfg = Release|Any CPU
		{A951420D-0C83-4AFD-B952-8E02DE6C3FB2}.Release|x64.Build.0 = Release|Any CPU
		{A951420D-0C83-4AFD-B952-8E02DE6C3FB2}.Release|x86.ActiveCfg = Release|Any CPU
		{A951420D-0C83-4AFD-B952-8E02DE6C3FB2}.Release|x86.Build.0 = Release|Any CPU
		{FFD3EB6B-2256-4C67-9540-BE7BF283741F}.Debug|Any CPU.ActiveCfg = Debug|Any CPU
		{FFD3EB6B-2256-4C67-9540-BE7BF283741F}.Debug|Any CPU.Build.0 = Debug|Any CPU
		{FFD3EB6B-2256-4C67-9540-BE7BF283741F}.Debug|ARM.ActiveCfg = Debug|Any CPU
		{FFD3EB6B-2256-4C67-9540-BE7BF283741F}.Debug|ARM.Build.0 = Debug|Any CPU
		{FFD3EB6B-2256-4C67-9540-BE7BF283741F}.Debug|x64.ActiveCfg = Debug|Any CPU
		{FFD3EB6B-2256-4C67-9540-BE7BF283741F}.Debug|x64.Build.0 = Debug|Any CPU
		{FFD3EB6B-2256-4C67-9540-BE7BF283741F}.Debug|x86.ActiveCfg = Debug|Any CPU
		{FFD3EB6B-2256-4C67-9540-BE7BF283741F}.Debug|x86.Build.0 = Debug|Any CPU
		{FFD3EB6B-2256-4C67-9540-BE7BF283741F}.Release|Any CPU.ActiveCfg = Release|Any CPU
		{FFD3EB6B-2256-4C67-9540-BE7BF283741F}.Release|Any CPU.Build.0 = Release|Any CPU
		{FFD3EB6B-2256-4C67-9540-BE7BF283741F}.Release|ARM.ActiveCfg = Release|Any CPU
		{FFD3EB6B-2256-4C67-9540-BE7BF283741F}.Release|ARM.Build.0 = Release|Any CPU
		{FFD3EB6B-2256-4C67-9540-BE7BF283741F}.Release|x64.ActiveCfg = Release|Any CPU
		{FFD3EB6B-2256-4C67-9540-BE7BF283741F}.Release|x64.Build.0 = Release|Any CPU
		{FFD3EB6B-2256-4C67-9540-BE7BF283741F}.Release|x86.ActiveCfg = Release|Any CPU
		{FFD3EB6B-2256-4C67-9540-BE7BF283741F}.Release|x86.Build.0 = Release|Any CPU
		{B159BA8D-67E7-421E-B8A4-54AE9C2D1C02}.Debug|Any CPU.ActiveCfg = Debug|x86
		{B159BA8D-67E7-421E-B8A4-54AE9C2D1C02}.Debug|ARM.ActiveCfg = Debug|ARM
		{B159BA8D-67E7-421E-B8A4-54AE9C2D1C02}.Debug|ARM.Build.0 = Debug|ARM
		{B159BA8D-67E7-421E-B8A4-54AE9C2D1C02}.Debug|ARM.Deploy.0 = Debug|ARM
		{B159BA8D-67E7-421E-B8A4-54AE9C2D1C02}.Debug|x64.ActiveCfg = Debug|x64
		{B159BA8D-67E7-421E-B8A4-54AE9C2D1C02}.Debug|x64.Build.0 = Debug|x64
		{B159BA8D-67E7-421E-B8A4-54AE9C2D1C02}.Debug|x64.Deploy.0 = Debug|x64
		{B159BA8D-67E7-421E-B8A4-54AE9C2D1C02}.Debug|x86.ActiveCfg = Debug|x86
		{B159BA8D-67E7-421E-B8A4-54AE9C2D1C02}.Debug|x86.Build.0 = Debug|x86
		{B159BA8D-67E7-421E-B8A4-54AE9C2D1C02}.Debug|x86.Deploy.0 = Debug|x86
		{B159BA8D-67E7-421E-B8A4-54AE9C2D1C02}.Release|Any CPU.ActiveCfg = Release|x86
		{B159BA8D-67E7-421E-B8A4-54AE9C2D1C02}.Release|ARM.ActiveCfg = Release|ARM
		{B159BA8D-67E7-421E-B8A4-54AE9C2D1C02}.Release|ARM.Build.0 = Release|ARM
		{B159BA8D-67E7-421E-B8A4-54AE9C2D1C02}.Release|ARM.Deploy.0 = Release|ARM
		{B159BA8D-67E7-421E-B8A4-54AE9C2D1C02}.Release|x64.ActiveCfg = Release|x64
		{B159BA8D-67E7-421E-B8A4-54AE9C2D1C02}.Release|x64.Build.0 = Release|x64
		{B159BA8D-67E7-421E-B8A4-54AE9C2D1C02}.Release|x64.Deploy.0 = Release|x64
		{B159BA8D-67E7-421E-B8A4-54AE9C2D1C02}.Release|x86.ActiveCfg = Release|x86
		{B159BA8D-67E7-421E-B8A4-54AE9C2D1C02}.Release|x86.Build.0 = Release|x86
		{B159BA8D-67E7-421E-B8A4-54AE9C2D1C02}.Release|x86.Deploy.0 = Release|x86
	EndGlobalSection
	GlobalSection(SolutionProperties) = preSolution
		HideSolutionNode = FALSE
	EndGlobalSection
	GlobalSection(NestedProjects) = preSolution
		{9956F129-C95D-4FFC-AEC2-2F1CD77E9CFC} = {5EC2AEFD-9146-470C-8F98-2B450624A4BE}
		{8682C97E-8A61-4714-A3C3-F42E3B2558D3} = {5EC2AEFD-9146-470C-8F98-2B450624A4BE}
		{47874C05-0E5F-49D7-AB2D-35A0264DE81E} = {5EC2AEFD-9146-470C-8F98-2B450624A4BE}
		{29A525FB-FC28-4B38-9C4B-63078B3AD0DA} = {5EC2AEFD-9146-470C-8F98-2B450624A4BE}
		{C298A972-C37A-4A9C-BC4B-CB0B24E31751} = {5EC2AEFD-9146-470C-8F98-2B450624A4BE}
		{F388B698-E773-4075-9609-4CA3330FE817} = {5EC2AEFD-9146-470C-8F98-2B450624A4BE}
		{A951420D-0C83-4AFD-B952-8E02DE6C3FB2} = {5E754587-7F2F-4E20-856E-451DFF8B232B}
		{FFD3EB6B-2256-4C67-9540-BE7BF283741F} = {2C8C95B6-B2A8-4C3F-99C7-9E7964B64831}
		{B159BA8D-67E7-421E-B8A4-54AE9C2D1C02} = {2C8C95B6-B2A8-4C3F-99C7-9E7964B64831}
	EndGlobalSection
	GlobalSection(ExtensibilityGlobals) = postSolution
		SolutionGuid = {43D71ACC-955B-4E4E-B610-B5EA05FC1572}
	EndGlobalSection
EndGlobal
